// !$*UTF8*$!
{
	archiveVersion = 1;
	classes = {
	};
	objectVersion = 50;
	objects = {

/* Begin PBXBuildFile section */
		670ABDAE22C55C3700BFA678 /* Sequence+Sum.swift in Sources */ = {isa = PBXBuildFile; fileRef = 670ABDAD22C55C3700BFA678 /* Sequence+Sum.swift */; };
		670ABDB022C55E7000BFA678 /* Sequence+Extensions.swift in Sources */ = {isa = PBXBuildFile; fileRef = 670ABDAF22C55E7000BFA678 /* Sequence+Extensions.swift */; };
		670ABDB222C562CF00BFA678 /* FixedDistanceLayoutSolver.swift in Sources */ = {isa = PBXBuildFile; fileRef = 670ABDB122C562CF00BFA678 /* FixedDistanceLayoutSolver.swift */; };
		670ABDB622C6AE5A00BFA678 /* SharpSymbol.swift in Sources */ = {isa = PBXBuildFile; fileRef = 670ABDB522C6AE5A00BFA678 /* SharpSymbol.swift */; };
		670ABDB822C6B1D200BFA678 /* SharpRenderer.swift in Sources */ = {isa = PBXBuildFile; fileRef = 670ABDB722C6B1D100BFA678 /* SharpRenderer.swift */; };
		671A4D252287524E002C56E8 /* NoteSymbolDescription+Verify.swift in Sources */ = {isa = PBXBuildFile; fileRef = 671A4D242287524E002C56E8 /* NoteSymbolDescription+Verify.swift */; };
		671A4D2C228752E7002C56E8 /* NoteSymbolDescriberTests.swift in Sources */ = {isa = PBXBuildFile; fileRef = 671A4D2B228752E7002C56E8 /* NoteSymbolDescriberTests.swift */; };
		671A4D2E22885987002C56E8 /* NoteValueTests.swift in Sources */ = {isa = PBXBuildFile; fileRef = 671A4D2D22885987002C56E8 /* NoteValueTests.swift */; };
		671A4D3022885A02002C56E8 /* NoteValue+Verify.swift in Sources */ = {isa = PBXBuildFile; fileRef = 671A4D2F22885A02002C56E8 /* NoteValue+Verify.swift */; };
		671A4D35228868B3002C56E8 /* DotSymbol.swift in Sources */ = {isa = PBXBuildFile; fileRef = 671A4D34228868B3002C56E8 /* DotSymbol.swift */; };
		671A4D3922886FBD002C56E8 /* DotRenderer.swift in Sources */ = {isa = PBXBuildFile; fileRef = 671A4D3822886FBD002C56E8 /* DotRenderer.swift */; };
		6726FB0322306840002EFE4D /* RenderOperation.swift in Sources */ = {isa = PBXBuildFile; fileRef = 6726FB0222306840002EFE4D /* RenderOperation.swift */; };
		6726FB05223068A6002EFE4D /* GenerationSymbolDescriptionsRenderOperation.swift in Sources */ = {isa = PBXBuildFile; fileRef = 6726FB04223068A6002EFE4D /* GenerationSymbolDescriptionsRenderOperation.swift */; };
		6728B2C022358AF000382D92 /* ConstraintsDebugInformationGenerator.swift in Sources */ = {isa = PBXBuildFile; fileRef = 6728B2BF22358AF000382D92 /* ConstraintsDebugInformationGenerator.swift */; };
		6728B2C22236FE6000382D92 /* ConstraintsDebugDrawer.swift in Sources */ = {isa = PBXBuildFile; fileRef = 6728B2C12236FE6000382D92 /* ConstraintsDebugDrawer.swift */; };
		6728B2C52239972C00382D92 /* NoteTests.swift in Sources */ = {isa = PBXBuildFile; fileRef = 6728B2C42239972C00382D92 /* NoteTests.swift */; };
		6728B2C72239975700382D92 /* NoteSequenceTests.swift in Sources */ = {isa = PBXBuildFile; fileRef = 6728B2C62239975700382D92 /* NoteSequenceTests.swift */; };
		6728B2CA2239986000382D92 /* NoteSequence+Verify.swift in Sources */ = {isa = PBXBuildFile; fileRef = 6728B2C92239986000382D92 /* NoteSequence+Verify.swift */; };
		6728B2CC2239989100382D92 /* Array+Verify.swift in Sources */ = {isa = PBXBuildFile; fileRef = 6728B2CB2239989100382D92 /* Array+Verify.swift */; };
		6739EEAD22E470EA0050950B /* StemDirectionDecider.swift in Sources */ = {isa = PBXBuildFile; fileRef = 6739EEAC22E470EA0050950B /* StemDirectionDecider.swift */; };
		67494C7C21CC02D40078A575 /* SymbolPaths.swift in Sources */ = {isa = PBXBuildFile; fileRef = 67494C7B21CC02D40078A575 /* SymbolPaths.swift */; };
		67494C7E21CC04550078A575 /* MusicRenderer.swift in Sources */ = {isa = PBXBuildFile; fileRef = 67494C7D21CC04550078A575 /* MusicRenderer.swift */; };
		67494C8021CC06740078A575 /* Vector2.swift in Sources */ = {isa = PBXBuildFile; fileRef = 67494C7F21CC06740078A575 /* Vector2.swift */; };
		67494C8221CC06940078A575 /* Vector2Tests.swift in Sources */ = {isa = PBXBuildFile; fileRef = 67494C8121CC06940078A575 /* Vector2Tests.swift */; };
		67494C8821CD6ECC0078A575 /* Array_Numeric+Extensions.swift in Sources */ = {isa = PBXBuildFile; fileRef = 67494C8721CD6ECC0078A575 /* Array_Numeric+Extensions.swift */; };
		67494C8A21CD84520078A575 /* Pitch.swift in Sources */ = {isa = PBXBuildFile; fileRef = 67494C8921CD84520078A575 /* Pitch.swift */; };
		674B9AAB22EA49B70098D121 /* NoteClusterStemLengthCalculator.swift in Sources */ = {isa = PBXBuildFile; fileRef = 674B9AAA22EA49B70098D121 /* NoteClusterStemLengthCalculator.swift */; };
		674B9AAD22ECB64E0098D121 /* TimeSignature.swift in Sources */ = {isa = PBXBuildFile; fileRef = 674B9AAC22ECB64E0098D121 /* TimeSignature.swift */; };
		674B9AAF22ECB9940098D121 /* NoteClusterer.swift in Sources */ = {isa = PBXBuildFile; fileRef = 674B9AAE22ECB9940098D121 /* NoteClusterer.swift */; };
		674B9AB122ECBCC80098D121 /* NoteClustererTests.swift in Sources */ = {isa = PBXBuildFile; fileRef = 674B9AB022ECBCC80098D121 /* NoteClustererTests.swift */; };
		674B9AB322ECC9DF0098D121 /* TimeSignatureTests.swift in Sources */ = {isa = PBXBuildFile; fileRef = 674B9AB222ECC9DF0098D121 /* TimeSignatureTests.swift */; };
		674B9AB522EDF6050098D121 /* IncrementingSequence.swift in Sources */ = {isa = PBXBuildFile; fileRef = 674B9AB422EDF6040098D121 /* IncrementingSequence.swift */; };
		674D503921DD50C8009E5AFE /* Composition.swift in Sources */ = {isa = PBXBuildFile; fileRef = 674D503821DD50C8009E5AFE /* Composition.swift */; };
		674D503B21DD50E6009E5AFE /* Bar.swift in Sources */ = {isa = PBXBuildFile; fileRef = 674D503A21DD50E6009E5AFE /* Bar.swift */; };
		674D503D21DD50F8009E5AFE /* NoteSequence.swift in Sources */ = {isa = PBXBuildFile; fileRef = 674D503C21DD50F8009E5AFE /* NoteSequence.swift */; };
		674D503E21DD518F009E5AFE /* StaveRenderer.swift in Sources */ = {isa = PBXBuildFile; fileRef = 6749365021CF8861005BA334 /* StaveRenderer.swift */; };
		674D504021DD5242009E5AFE /* NoteSymbolDescriber.swift in Sources */ = {isa = PBXBuildFile; fileRef = 674D503F21DD5242009E5AFE /* NoteSymbolDescriber.swift */; };
		674D504221DD5774009E5AFE /* PlayableItemTimeCalculator.swift in Sources */ = {isa = PBXBuildFile; fileRef = 674D504121DD5774009E5AFE /* PlayableItemTimeCalculator.swift */; };
		674D504B21E23CD8009E5AFE /* NoteRenderer.swift in Sources */ = {isa = PBXBuildFile; fileRef = 674D504A21E23CD8009E5AFE /* NoteRenderer.swift */; };
		674D504E21E23D72009E5AFE /* HorizontalPositionerRenderOperation.swift in Sources */ = {isa = PBXBuildFile; fileRef = 674D504D21E23D72009E5AFE /* HorizontalPositionerRenderOperation.swift */; };
		6751A8352232FCC4000B0D08 /* GenerateBeamDescriptionsRenderOperation.swift in Sources */ = {isa = PBXBuildFile; fileRef = 6751A8342232FCC4000B0D08 /* GenerateBeamDescriptionsRenderOperation.swift */; };
		6751A8382232FE9F000B0D08 /* CalculatePlayableItemTimesRenderOperation.swift in Sources */ = {isa = PBXBuildFile; fileRef = 6751A8372232FE9F000B0D08 /* CalculatePlayableItemTimesRenderOperation.swift */; };
		6751A83E223304E7000B0D08 /* Barline.swift in Sources */ = {isa = PBXBuildFile; fileRef = 6751A83D223304E7000B0D08 /* Barline.swift */; };
		6751A84022350475000B0D08 /* NoteValue.swift in Sources */ = {isa = PBXBuildFile; fileRef = 6751A83F22350475000B0D08 /* NoteValue.swift */; };
		6751A84222357AE3000B0D08 /* Rest.swift in Sources */ = {isa = PBXBuildFile; fileRef = 6751A84122357AE3000B0D08 /* Rest.swift */; };
		6751A84422357AFA000B0D08 /* Playable.swift in Sources */ = {isa = PBXBuildFile; fileRef = 6751A84322357AFA000B0D08 /* Playable.swift */; };
		6751A84622357EA7000B0D08 /* RestSymbolDescriber.swift in Sources */ = {isa = PBXBuildFile; fileRef = 6751A84522357EA7000B0D08 /* RestSymbolDescriber.swift */; };
		6751A84A223585D5000B0D08 /* RestRenderer.swift in Sources */ = {isa = PBXBuildFile; fileRef = 6751A849223585D5000B0D08 /* RestRenderer.swift */; };
		6753D0F522D7D2220052F27F /* FlatSymbol.swift in Sources */ = {isa = PBXBuildFile; fileRef = 6753D0F422D7D2220052F27F /* FlatSymbol.swift */; };
		6753D0F722D7D31D0052F27F /* FlatRendereer.swift in Sources */ = {isa = PBXBuildFile; fileRef = 6753D0F622D7D31D0052F27F /* FlatRendereer.swift */; };
		6753D0F922D7D89C0052F27F /* NaturalSymbol.swift in Sources */ = {isa = PBXBuildFile; fileRef = 6753D0F822D7D89C0052F27F /* NaturalSymbol.swift */; };
		6753D0FB22D7D9340052F27F /* NaturalRenderer.swift in Sources */ = {isa = PBXBuildFile; fileRef = 6753D0FA22D7D9340052F27F /* NaturalRenderer.swift */; };
		6753D0FF22D7E8790052F27F /* SignedNumeric+Extensions.swift in Sources */ = {isa = PBXBuildFile; fileRef = 6753D0FE22D7E8790052F27F /* SignedNumeric+Extensions.swift */; };
		6753D10222DA5E990052F27F /* CalculateStemDirectionsRenderOperation.swift in Sources */ = {isa = PBXBuildFile; fileRef = 6753D10122DA5E990052F27F /* CalculateStemDirectionsRenderOperation.swift */; };
		6756F61723005D7A003F1F19 /* NoteBeamDescriberFourFourTests.swift in Sources */ = {isa = PBXBuildFile; fileRef = 6756F61623005D7A003F1F19 /* NoteBeamDescriberFourFourTests.swift */; };
		6756F6192300C2AE003F1F19 /* ElementPopper.swift in Sources */ = {isa = PBXBuildFile; fileRef = 6756F6182300C2AE003F1F19 /* ElementPopper.swift */; };
		6756F61B2300C30C003F1F19 /* ElementPopperTests.swift in Sources */ = {isa = PBXBuildFile; fileRef = 6756F61A2300C30C003F1F19 /* ElementPopperTests.swift */; };
		67669E5F22EDF668004F1927 /* IncrementingSequenceTests.swift in Sources */ = {isa = PBXBuildFile; fileRef = 67669E5E22EDF668004F1927 /* IncrementingSequenceTests.swift */; };
		67669E6122EDF9D9004F1927 /* RepeatingPatternSequence.swift in Sources */ = {isa = PBXBuildFile; fileRef = 67669E6022EDF9D9004F1927 /* RepeatingPatternSequence.swift */; };
		67669E6322EDF9EE004F1927 /* RepeatingPatternSequenceTests.swift in Sources */ = {isa = PBXBuildFile; fileRef = 67669E6222EDF9EE004F1927 /* RepeatingPatternSequenceTests.swift */; };
		67669E6522EDFEDB004F1927 /* Array+Insertion.swift in Sources */ = {isa = PBXBuildFile; fileRef = 67669E6422EDFEDB004F1927 /* Array+Insertion.swift */; };
		67678DF621E2420D00E7FD71 /* Collection+Extensions.swift in Sources */ = {isa = PBXBuildFile; fileRef = 67678DF521E2420D00E7FD71 /* Collection+Extensions.swift */; };
		67678DF821E245DB00E7FD71 /* VerticalPositionerRenderOperation.swift in Sources */ = {isa = PBXBuildFile; fileRef = 67678DF721E245DB00E7FD71 /* VerticalPositionerRenderOperation.swift */; };
		67678DFA21E250A200E7FD71 /* NoteBeamDescriber.swift in Sources */ = {isa = PBXBuildFile; fileRef = 67678DF921E250A200E7FD71 /* NoteBeamDescriber.swift */; };
		67678E0021E2865400E7FD71 /* EnumeratedWithLastItemFlagBidirectionalCollection.swift in Sources */ = {isa = PBXBuildFile; fileRef = 67678DFF21E2865400E7FD71 /* EnumeratedWithLastItemFlagBidirectionalCollection.swift */; };
		67678E0221E28ADF00E7FD71 /* EnumeratedWithLastItemFlagBidirectionalCollection.swift in Sources */ = {isa = PBXBuildFile; fileRef = 67678E0121E28ADF00E7FD71 /* EnumeratedWithLastItemFlagBidirectionalCollection.swift */; };
		67678E0721E3E9CB00E7FD71 /* Positionable.swift in Sources */ = {isa = PBXBuildFile; fileRef = 67678E0621E3E9CB00E7FD71 /* Positionable.swift */; };
		67678E0921E3EF7E00E7FD71 /* BarlineRender.swift in Sources */ = {isa = PBXBuildFile; fileRef = 67678E0821E3EF7E00E7FD71 /* BarlineRender.swift */; };
		6767E320229F143D00E9964D /* HorizontalLayoutSolver.swift in Sources */ = {isa = PBXBuildFile; fileRef = 6767E31F229F143D00E9964D /* HorizontalLayoutSolver.swift */; };
		6767E322229F182E00E9964D /* LayoutAnchorsBuilder.swift in Sources */ = {isa = PBXBuildFile; fileRef = 6767E321229F182E00E9964D /* LayoutAnchorsBuilder.swift */; };
		6769B42722BDA0BC00AAFFF9 /* LayoutTimingSolver.swift in Sources */ = {isa = PBXBuildFile; fileRef = 6769B42622BDA0BC00AAFFF9 /* LayoutTimingSolver.swift */; };
		6769B42922BDA52800AAFFF9 /* Array+Extract.swift in Sources */ = {isa = PBXBuildFile; fileRef = 6769B42822BDA52800AAFFF9 /* Array+Extract.swift */; };
		6769B42B22BDA77C00AAFFF9 /* Array+ExtractTests.swift in Sources */ = {isa = PBXBuildFile; fileRef = 6769B42A22BDA77C00AAFFF9 /* Array+ExtractTests.swift */; };
		677643F3228E0D18000683FF /* FreeFunctions.swift in Sources */ = {isa = PBXBuildFile; fileRef = 677643F2228E0D18000683FF /* FreeFunctions.swift */; };
		677C9C8121C5172100C7A16E /* MusicView.swift in Sources */ = {isa = PBXBuildFile; fileRef = 677C9C8021C5172100C7A16E /* MusicView.swift */; };
		677C9C8421C5192900C7A16E /* UIBezierPath+Extensions.swift in Sources */ = {isa = PBXBuildFile; fileRef = 677C9C8321C5192900C7A16E /* UIBezierPath+Extensions.swift */; };
		6785A9B523315B38004B32B8 /* CompositionPathsCreator.swift in Sources */ = {isa = PBXBuildFile; fileRef = 6785A9B423315B38004B32B8 /* CompositionPathsCreator.swift */; };
		679EB93622BC1AF300A22778 /* LayoutAnchor.swift in Sources */ = {isa = PBXBuildFile; fileRef = 679EB93522BC1AF300A22778 /* LayoutAnchor.swift */; };
		679EB93922BC3AB800A22778 /* Array+Chunked.swift in Sources */ = {isa = PBXBuildFile; fileRef = 679EB93822BC3AB800A22778 /* Array+Chunked.swift */; };
		67A15F9321C5129500C3C03F /* MusicNotationKit.framework in Frameworks */ = {isa = PBXBuildFile; fileRef = 67A15F8921C5129500C3C03F /* MusicNotationKit.framework */; };
		67A15F9821C5129500C3C03F /* MusicNotationKitTests.swift in Sources */ = {isa = PBXBuildFile; fileRef = 67A15F9721C5129500C3C03F /* MusicNotationKitTests.swift */; };
		67A15F9A21C5129500C3C03F /* MusicNotationKit.h in Headers */ = {isa = PBXBuildFile; fileRef = 67A15F8C21C5129500C3C03F /* MusicNotationKit.h */; settings = {ATTRIBUTES = (Public, ); }; };
		67A15FA421C512E800C3C03F /* Note.swift in Sources */ = {isa = PBXBuildFile; fileRef = 67A15FA321C512E800C3C03F /* Note.swift */; };
		67A1EF7B22999143009CF58C /* PlayableItemTimeCalculatorTests.swift in Sources */ = {isa = PBXBuildFile; fileRef = 67A1EF7A22999143009CF58C /* PlayableItemTimeCalculatorTests.swift */; };
		67A1EF7D22999974009CF58C /* NoteBeamDescriberTests.swift in Sources */ = {isa = PBXBuildFile; fileRef = 67A1EF7C22999974009CF58C /* NoteBeamDescriberTests.swift */; };
		67A437A322E8F90F008C00E3 /* CalculateStemLengthsRenderOperation.swift in Sources */ = {isa = PBXBuildFile; fileRef = 67A437A222E8F90F008C00E3 /* CalculateStemLengthsRenderOperation.swift */; };
		67AE184421D9305700F3545D /* Array+Extensions.swift in Sources */ = {isa = PBXBuildFile; fileRef = 67AE184321D9305700F3545D /* Array+Extensions.swift */; };
		67AE184621D9387900F3545D /* Optional+Extensions.swift in Sources */ = {isa = PBXBuildFile; fileRef = 67AE184521D9387900F3545D /* Optional+Extensions.swift */; };
		67AE184821D9462C00F3545D /* Time.swift in Sources */ = {isa = PBXBuildFile; fileRef = 67AE184721D9462C00F3545D /* Time.swift */; };
		67AE184A21D9465C00F3545D /* TimeTests.swift in Sources */ = {isa = PBXBuildFile; fileRef = 67AE184921D9465C00F3545D /* TimeTests.swift */; };
		67AE184C21DA8C9000F3545D /* Collection+Accessors.swift in Sources */ = {isa = PBXBuildFile; fileRef = 67AE184B21DA8C9000F3545D /* Collection+Accessors.swift */; };
		67C7CC1621C6D1B200A020D0 /* Path.swift in Sources */ = {isa = PBXBuildFile; fileRef = 67C7CC1521C6D1B200A020D0 /* Path.swift */; };
		67C7CC1B21C6D5CD00A020D0 /* CGPoint+Extensions.swift in Sources */ = {isa = PBXBuildFile; fileRef = 67C7CC1A21C6D5CD00A020D0 /* CGPoint+Extensions.swift */; };
		67E863B92303493400A5DE73 /* NoteBeamDescriberSixEightTests.swift in Sources */ = {isa = PBXBuildFile; fileRef = 67E863B82303493400A5DE73 /* NoteBeamDescriberSixEightTests.swift */; };
		67E863BB2303498300A5DE73 /* NoteBeamDescriberTestsBase.swift in Sources */ = {isa = PBXBuildFile; fileRef = 67E863BA2303498300A5DE73 /* NoteBeamDescriberTestsBase.swift */; };
		67F6880421EA6D32003707DD /* HorizontalLayoutItem.swift in Sources */ = {isa = PBXBuildFile; fileRef = 67F6880321EA6D32003707DD /* HorizontalLayoutItem.swift */; };
		67F6880621EA6E0C003707DD /* Array+Sorting.swift in Sources */ = {isa = PBXBuildFile; fileRef = 67F6880521EA6E0C003707DD /* Array+Sorting.swift */; };
		67F6880B21EB51D6003707DD /* FloatingPoint+Extensions.swift in Sources */ = {isa = PBXBuildFile; fileRef = 67F6880A21EB51D6003707DD /* FloatingPoint+Extensions.swift */; };
		67F6880E21EB52B9003707DD /* FloatingPoint+ExtensionsTests.swift in Sources */ = {isa = PBXBuildFile; fileRef = 67F6880D21EB52B9003707DD /* FloatingPoint+ExtensionsTests.swift */; };
		67F6881021EB5597003707DD /* Numeric+Constrained.swift in Sources */ = {isa = PBXBuildFile; fileRef = 67F6880F21EB5597003707DD /* Numeric+Constrained.swift */; };
/* End PBXBuildFile section */

/* Begin PBXContainerItemProxy section */
		67A15F9421C5129500C3C03F /* PBXContainerItemProxy */ = {
			isa = PBXContainerItemProxy;
			containerPortal = 67A15F8021C5129500C3C03F /* Project object */;
			proxyType = 1;
			remoteGlobalIDString = 67A15F8821C5129500C3C03F;
			remoteInfo = MusicNotationKit;
		};
/* End PBXContainerItemProxy section */

/* Begin PBXFileReference section */
		670ABDAD22C55C3700BFA678 /* Sequence+Sum.swift */ = {isa = PBXFileReference; lastKnownFileType = sourcecode.swift; path = "Sequence+Sum.swift"; sourceTree = "<group>"; };
		670ABDAF22C55E7000BFA678 /* Sequence+Extensions.swift */ = {isa = PBXFileReference; lastKnownFileType = sourcecode.swift; path = "Sequence+Extensions.swift"; sourceTree = "<group>"; };
		670ABDB122C562CF00BFA678 /* FixedDistanceLayoutSolver.swift */ = {isa = PBXFileReference; lastKnownFileType = sourcecode.swift; path = FixedDistanceLayoutSolver.swift; sourceTree = "<group>"; };
		670ABDB522C6AE5A00BFA678 /* SharpSymbol.swift */ = {isa = PBXFileReference; lastKnownFileType = sourcecode.swift; path = SharpSymbol.swift; sourceTree = "<group>"; };
		670ABDB722C6B1D100BFA678 /* SharpRenderer.swift */ = {isa = PBXFileReference; lastKnownFileType = sourcecode.swift; path = SharpRenderer.swift; sourceTree = "<group>"; };
		671A4D242287524E002C56E8 /* NoteSymbolDescription+Verify.swift */ = {isa = PBXFileReference; lastKnownFileType = sourcecode.swift; path = "NoteSymbolDescription+Verify.swift"; sourceTree = "<group>"; };
		671A4D2B228752E7002C56E8 /* NoteSymbolDescriberTests.swift */ = {isa = PBXFileReference; lastKnownFileType = sourcecode.swift; path = NoteSymbolDescriberTests.swift; sourceTree = "<group>"; };
		671A4D2D22885987002C56E8 /* NoteValueTests.swift */ = {isa = PBXFileReference; lastKnownFileType = sourcecode.swift; path = NoteValueTests.swift; sourceTree = "<group>"; };
		671A4D2F22885A02002C56E8 /* NoteValue+Verify.swift */ = {isa = PBXFileReference; lastKnownFileType = sourcecode.swift; path = "NoteValue+Verify.swift"; sourceTree = "<group>"; };
		671A4D34228868B3002C56E8 /* DotSymbol.swift */ = {isa = PBXFileReference; lastKnownFileType = sourcecode.swift; path = DotSymbol.swift; sourceTree = "<group>"; };
		671A4D3822886FBD002C56E8 /* DotRenderer.swift */ = {isa = PBXFileReference; lastKnownFileType = sourcecode.swift; path = DotRenderer.swift; sourceTree = "<group>"; };
		6726FB0222306840002EFE4D /* RenderOperation.swift */ = {isa = PBXFileReference; lastKnownFileType = sourcecode.swift; path = RenderOperation.swift; sourceTree = "<group>"; };
		6726FB04223068A6002EFE4D /* GenerationSymbolDescriptionsRenderOperation.swift */ = {isa = PBXFileReference; lastKnownFileType = sourcecode.swift; path = GenerationSymbolDescriptionsRenderOperation.swift; sourceTree = "<group>"; };
		6728B2BF22358AF000382D92 /* ConstraintsDebugInformationGenerator.swift */ = {isa = PBXFileReference; lastKnownFileType = sourcecode.swift; path = ConstraintsDebugInformationGenerator.swift; sourceTree = "<group>"; };
		6728B2C12236FE6000382D92 /* ConstraintsDebugDrawer.swift */ = {isa = PBXFileReference; lastKnownFileType = sourcecode.swift; path = ConstraintsDebugDrawer.swift; sourceTree = "<group>"; };
		6728B2C42239972C00382D92 /* NoteTests.swift */ = {isa = PBXFileReference; lastKnownFileType = sourcecode.swift; path = NoteTests.swift; sourceTree = "<group>"; };
		6728B2C62239975700382D92 /* NoteSequenceTests.swift */ = {isa = PBXFileReference; lastKnownFileType = sourcecode.swift; path = NoteSequenceTests.swift; sourceTree = "<group>"; };
		6728B2C92239986000382D92 /* NoteSequence+Verify.swift */ = {isa = PBXFileReference; lastKnownFileType = sourcecode.swift; path = "NoteSequence+Verify.swift"; sourceTree = "<group>"; };
		6728B2CB2239989100382D92 /* Array+Verify.swift */ = {isa = PBXFileReference; lastKnownFileType = sourcecode.swift; path = "Array+Verify.swift"; sourceTree = "<group>"; };
		6739EEAC22E470EA0050950B /* StemDirectionDecider.swift */ = {isa = PBXFileReference; lastKnownFileType = sourcecode.swift; path = StemDirectionDecider.swift; sourceTree = "<group>"; };
		6749365021CF8861005BA334 /* StaveRenderer.swift */ = {isa = PBXFileReference; lastKnownFileType = sourcecode.swift; path = StaveRenderer.swift; sourceTree = "<group>"; };
		67494C7B21CC02D40078A575 /* SymbolPaths.swift */ = {isa = PBXFileReference; lastKnownFileType = sourcecode.swift; path = SymbolPaths.swift; sourceTree = "<group>"; };
		67494C7D21CC04550078A575 /* MusicRenderer.swift */ = {isa = PBXFileReference; lastKnownFileType = sourcecode.swift; path = MusicRenderer.swift; sourceTree = "<group>"; };
		67494C7F21CC06740078A575 /* Vector2.swift */ = {isa = PBXFileReference; lastKnownFileType = sourcecode.swift; path = Vector2.swift; sourceTree = "<group>"; };
		67494C8121CC06940078A575 /* Vector2Tests.swift */ = {isa = PBXFileReference; lastKnownFileType = sourcecode.swift; path = Vector2Tests.swift; sourceTree = "<group>"; };
		67494C8721CD6ECC0078A575 /* Array_Numeric+Extensions.swift */ = {isa = PBXFileReference; lastKnownFileType = sourcecode.swift; path = "Array_Numeric+Extensions.swift"; sourceTree = "<group>"; };
		67494C8921CD84520078A575 /* Pitch.swift */ = {isa = PBXFileReference; lastKnownFileType = sourcecode.swift; path = Pitch.swift; sourceTree = "<group>"; };
		674B9AAA22EA49B70098D121 /* NoteClusterStemLengthCalculator.swift */ = {isa = PBXFileReference; lastKnownFileType = sourcecode.swift; path = NoteClusterStemLengthCalculator.swift; sourceTree = "<group>"; };
		674B9AAC22ECB64E0098D121 /* TimeSignature.swift */ = {isa = PBXFileReference; lastKnownFileType = sourcecode.swift; path = TimeSignature.swift; sourceTree = "<group>"; };
		674B9AAE22ECB9940098D121 /* NoteClusterer.swift */ = {isa = PBXFileReference; lastKnownFileType = sourcecode.swift; path = NoteClusterer.swift; sourceTree = "<group>"; };
		674B9AB022ECBCC80098D121 /* NoteClustererTests.swift */ = {isa = PBXFileReference; lastKnownFileType = sourcecode.swift; path = NoteClustererTests.swift; sourceTree = "<group>"; };
		674B9AB222ECC9DF0098D121 /* TimeSignatureTests.swift */ = {isa = PBXFileReference; lastKnownFileType = sourcecode.swift; path = TimeSignatureTests.swift; sourceTree = "<group>"; };
		674B9AB422EDF6040098D121 /* IncrementingSequence.swift */ = {isa = PBXFileReference; lastKnownFileType = sourcecode.swift; path = IncrementingSequence.swift; sourceTree = "<group>"; };
		674D503821DD50C8009E5AFE /* Composition.swift */ = {isa = PBXFileReference; lastKnownFileType = sourcecode.swift; path = Composition.swift; sourceTree = "<group>"; };
		674D503A21DD50E6009E5AFE /* Bar.swift */ = {isa = PBXFileReference; lastKnownFileType = sourcecode.swift; path = Bar.swift; sourceTree = "<group>"; };
		674D503C21DD50F8009E5AFE /* NoteSequence.swift */ = {isa = PBXFileReference; lastKnownFileType = sourcecode.swift; path = NoteSequence.swift; sourceTree = "<group>"; };
		674D503F21DD5242009E5AFE /* NoteSymbolDescriber.swift */ = {isa = PBXFileReference; lastKnownFileType = sourcecode.swift; path = NoteSymbolDescriber.swift; sourceTree = "<group>"; };
		674D504121DD5774009E5AFE /* PlayableItemTimeCalculator.swift */ = {isa = PBXFileReference; lastKnownFileType = sourcecode.swift; path = PlayableItemTimeCalculator.swift; sourceTree = "<group>"; };
		674D504A21E23CD8009E5AFE /* NoteRenderer.swift */ = {isa = PBXFileReference; lastKnownFileType = sourcecode.swift; path = NoteRenderer.swift; sourceTree = "<group>"; };
		674D504D21E23D72009E5AFE /* HorizontalPositionerRenderOperation.swift */ = {isa = PBXFileReference; lastKnownFileType = sourcecode.swift; path = HorizontalPositionerRenderOperation.swift; sourceTree = "<group>"; };
		6751A8342232FCC4000B0D08 /* GenerateBeamDescriptionsRenderOperation.swift */ = {isa = PBXFileReference; lastKnownFileType = sourcecode.swift; path = GenerateBeamDescriptionsRenderOperation.swift; sourceTree = "<group>"; };
		6751A8372232FE9F000B0D08 /* CalculatePlayableItemTimesRenderOperation.swift */ = {isa = PBXFileReference; lastKnownFileType = sourcecode.swift; path = CalculatePlayableItemTimesRenderOperation.swift; sourceTree = "<group>"; };
		6751A83D223304E7000B0D08 /* Barline.swift */ = {isa = PBXFileReference; lastKnownFileType = sourcecode.swift; path = Barline.swift; sourceTree = "<group>"; };
		6751A83F22350475000B0D08 /* NoteValue.swift */ = {isa = PBXFileReference; lastKnownFileType = sourcecode.swift; path = NoteValue.swift; sourceTree = "<group>"; };
		6751A84122357AE3000B0D08 /* Rest.swift */ = {isa = PBXFileReference; lastKnownFileType = sourcecode.swift; path = Rest.swift; sourceTree = "<group>"; };
		6751A84322357AFA000B0D08 /* Playable.swift */ = {isa = PBXFileReference; lastKnownFileType = sourcecode.swift; path = Playable.swift; sourceTree = "<group>"; };
		6751A84522357EA7000B0D08 /* RestSymbolDescriber.swift */ = {isa = PBXFileReference; lastKnownFileType = sourcecode.swift; path = RestSymbolDescriber.swift; sourceTree = "<group>"; };
		6751A849223585D5000B0D08 /* RestRenderer.swift */ = {isa = PBXFileReference; lastKnownFileType = sourcecode.swift; path = RestRenderer.swift; sourceTree = "<group>"; };
		6753D0F422D7D2220052F27F /* FlatSymbol.swift */ = {isa = PBXFileReference; lastKnownFileType = sourcecode.swift; path = FlatSymbol.swift; sourceTree = "<group>"; };
		6753D0F622D7D31D0052F27F /* FlatRendereer.swift */ = {isa = PBXFileReference; lastKnownFileType = sourcecode.swift; path = FlatRendereer.swift; sourceTree = "<group>"; };
		6753D0F822D7D89C0052F27F /* NaturalSymbol.swift */ = {isa = PBXFileReference; lastKnownFileType = sourcecode.swift; path = NaturalSymbol.swift; sourceTree = "<group>"; };
		6753D0FA22D7D9340052F27F /* NaturalRenderer.swift */ = {isa = PBXFileReference; lastKnownFileType = sourcecode.swift; path = NaturalRenderer.swift; sourceTree = "<group>"; };
		6753D0FE22D7E8790052F27F /* SignedNumeric+Extensions.swift */ = {isa = PBXFileReference; lastKnownFileType = sourcecode.swift; path = "SignedNumeric+Extensions.swift"; sourceTree = "<group>"; };
		6753D10122DA5E990052F27F /* CalculateStemDirectionsRenderOperation.swift */ = {isa = PBXFileReference; lastKnownFileType = sourcecode.swift; path = CalculateStemDirectionsRenderOperation.swift; sourceTree = "<group>"; };
		6756F61623005D7A003F1F19 /* NoteBeamDescriberFourFourTests.swift */ = {isa = PBXFileReference; lastKnownFileType = sourcecode.swift; path = NoteBeamDescriberFourFourTests.swift; sourceTree = "<group>"; };
		6756F6182300C2AE003F1F19 /* ElementPopper.swift */ = {isa = PBXFileReference; lastKnownFileType = sourcecode.swift; path = ElementPopper.swift; sourceTree = "<group>"; };
		6756F61A2300C30C003F1F19 /* ElementPopperTests.swift */ = {isa = PBXFileReference; lastKnownFileType = sourcecode.swift; path = ElementPopperTests.swift; sourceTree = "<group>"; };
		67669E5E22EDF668004F1927 /* IncrementingSequenceTests.swift */ = {isa = PBXFileReference; lastKnownFileType = sourcecode.swift; path = IncrementingSequenceTests.swift; sourceTree = "<group>"; };
		67669E6022EDF9D9004F1927 /* RepeatingPatternSequence.swift */ = {isa = PBXFileReference; lastKnownFileType = sourcecode.swift; path = RepeatingPatternSequence.swift; sourceTree = "<group>"; };
		67669E6222EDF9EE004F1927 /* RepeatingPatternSequenceTests.swift */ = {isa = PBXFileReference; lastKnownFileType = sourcecode.swift; path = RepeatingPatternSequenceTests.swift; sourceTree = "<group>"; };
		67669E6422EDFEDB004F1927 /* Array+Insertion.swift */ = {isa = PBXFileReference; lastKnownFileType = sourcecode.swift; path = "Array+Insertion.swift"; sourceTree = "<group>"; };
		67678DF521E2420D00E7FD71 /* Collection+Extensions.swift */ = {isa = PBXFileReference; lastKnownFileType = sourcecode.swift; path = "Collection+Extensions.swift"; sourceTree = "<group>"; };
		67678DF721E245DB00E7FD71 /* VerticalPositionerRenderOperation.swift */ = {isa = PBXFileReference; lastKnownFileType = sourcecode.swift; path = VerticalPositionerRenderOperation.swift; sourceTree = "<group>"; };
		67678DF921E250A200E7FD71 /* NoteBeamDescriber.swift */ = {isa = PBXFileReference; lastKnownFileType = sourcecode.swift; path = NoteBeamDescriber.swift; sourceTree = "<group>"; };
		67678DFF21E2865400E7FD71 /* EnumeratedWithLastItemFlagBidirectionalCollection.swift */ = {isa = PBXFileReference; lastKnownFileType = sourcecode.swift; path = EnumeratedWithLastItemFlagBidirectionalCollection.swift; sourceTree = "<group>"; };
		67678E0121E28ADF00E7FD71 /* EnumeratedWithLastItemFlagBidirectionalCollection.swift */ = {isa = PBXFileReference; lastKnownFileType = sourcecode.swift; path = EnumeratedWithLastItemFlagBidirectionalCollection.swift; sourceTree = "<group>"; };
		67678E0621E3E9CB00E7FD71 /* Positionable.swift */ = {isa = PBXFileReference; lastKnownFileType = sourcecode.swift; path = Positionable.swift; sourceTree = "<group>"; };
		67678E0821E3EF7E00E7FD71 /* BarlineRender.swift */ = {isa = PBXFileReference; lastKnownFileType = sourcecode.swift; path = BarlineRender.swift; sourceTree = "<group>"; };
		6767E31F229F143D00E9964D /* HorizontalLayoutSolver.swift */ = {isa = PBXFileReference; lastKnownFileType = sourcecode.swift; path = HorizontalLayoutSolver.swift; sourceTree = "<group>"; };
		6767E321229F182E00E9964D /* LayoutAnchorsBuilder.swift */ = {isa = PBXFileReference; lastKnownFileType = sourcecode.swift; path = LayoutAnchorsBuilder.swift; sourceTree = "<group>"; };
		6769B42622BDA0BC00AAFFF9 /* LayoutTimingSolver.swift */ = {isa = PBXFileReference; lastKnownFileType = sourcecode.swift; path = LayoutTimingSolver.swift; sourceTree = "<group>"; };
		6769B42822BDA52800AAFFF9 /* Array+Extract.swift */ = {isa = PBXFileReference; lastKnownFileType = sourcecode.swift; path = "Array+Extract.swift"; sourceTree = "<group>"; };
		6769B42A22BDA77C00AAFFF9 /* Array+ExtractTests.swift */ = {isa = PBXFileReference; lastKnownFileType = sourcecode.swift; path = "Array+ExtractTests.swift"; sourceTree = "<group>"; };
		677643F2228E0D18000683FF /* FreeFunctions.swift */ = {isa = PBXFileReference; lastKnownFileType = sourcecode.swift; path = FreeFunctions.swift; sourceTree = "<group>"; };
		677C9C8021C5172100C7A16E /* MusicView.swift */ = {isa = PBXFileReference; lastKnownFileType = sourcecode.swift; path = MusicView.swift; sourceTree = "<group>"; };
		677C9C8321C5192900C7A16E /* UIBezierPath+Extensions.swift */ = {isa = PBXFileReference; lastKnownFileType = sourcecode.swift; path = "UIBezierPath+Extensions.swift"; sourceTree = "<group>"; };
		6785A9B423315B38004B32B8 /* CompositionPathsCreator.swift */ = {isa = PBXFileReference; lastKnownFileType = sourcecode.swift; path = CompositionPathsCreator.swift; sourceTree = "<group>"; };
		679EB93522BC1AF300A22778 /* LayoutAnchor.swift */ = {isa = PBXFileReference; lastKnownFileType = sourcecode.swift; path = LayoutAnchor.swift; sourceTree = "<group>"; };
		679EB93822BC3AB800A22778 /* Array+Chunked.swift */ = {isa = PBXFileReference; lastKnownFileType = sourcecode.swift; path = "Array+Chunked.swift"; sourceTree = "<group>"; };
		67A15F8921C5129500C3C03F /* MusicNotationKit.framework */ = {isa = PBXFileReference; explicitFileType = wrapper.framework; includeInIndex = 0; path = MusicNotationKit.framework; sourceTree = BUILT_PRODUCTS_DIR; };
		67A15F8C21C5129500C3C03F /* MusicNotationKit.h */ = {isa = PBXFileReference; lastKnownFileType = sourcecode.c.h; path = MusicNotationKit.h; sourceTree = "<group>"; };
		67A15F8D21C5129500C3C03F /* Info.plist */ = {isa = PBXFileReference; lastKnownFileType = text.plist.xml; path = Info.plist; sourceTree = "<group>"; };
		67A15F9221C5129500C3C03F /* MusicNotationKitTests.xctest */ = {isa = PBXFileReference; explicitFileType = wrapper.cfbundle; includeInIndex = 0; path = MusicNotationKitTests.xctest; sourceTree = BUILT_PRODUCTS_DIR; };
		67A15F9721C5129500C3C03F /* MusicNotationKitTests.swift */ = {isa = PBXFileReference; lastKnownFileType = sourcecode.swift; path = MusicNotationKitTests.swift; sourceTree = "<group>"; };
		67A15F9921C5129500C3C03F /* Info.plist */ = {isa = PBXFileReference; lastKnownFileType = text.plist.xml; path = Info.plist; sourceTree = "<group>"; };
		67A15FA321C512E800C3C03F /* Note.swift */ = {isa = PBXFileReference; lastKnownFileType = sourcecode.swift; path = Note.swift; sourceTree = "<group>"; };
		67A1EF7A22999143009CF58C /* PlayableItemTimeCalculatorTests.swift */ = {isa = PBXFileReference; lastKnownFileType = sourcecode.swift; path = PlayableItemTimeCalculatorTests.swift; sourceTree = "<group>"; };
		67A1EF7C22999974009CF58C /* NoteBeamDescriberTests.swift */ = {isa = PBXFileReference; lastKnownFileType = sourcecode.swift; path = NoteBeamDescriberTests.swift; sourceTree = "<group>"; };
		67A437A222E8F90F008C00E3 /* CalculateStemLengthsRenderOperation.swift */ = {isa = PBXFileReference; lastKnownFileType = sourcecode.swift; path = CalculateStemLengthsRenderOperation.swift; sourceTree = "<group>"; };
		67AE184321D9305700F3545D /* Array+Extensions.swift */ = {isa = PBXFileReference; lastKnownFileType = sourcecode.swift; path = "Array+Extensions.swift"; sourceTree = "<group>"; };
		67AE184521D9387900F3545D /* Optional+Extensions.swift */ = {isa = PBXFileReference; lastKnownFileType = sourcecode.swift; path = "Optional+Extensions.swift"; sourceTree = "<group>"; };
		67AE184721D9462C00F3545D /* Time.swift */ = {isa = PBXFileReference; lastKnownFileType = sourcecode.swift; path = Time.swift; sourceTree = "<group>"; };
		67AE184921D9465C00F3545D /* TimeTests.swift */ = {isa = PBXFileReference; lastKnownFileType = sourcecode.swift; path = TimeTests.swift; sourceTree = "<group>"; };
		67AE184B21DA8C9000F3545D /* Collection+Accessors.swift */ = {isa = PBXFileReference; lastKnownFileType = sourcecode.swift; path = "Collection+Accessors.swift"; sourceTree = "<group>"; };
		67C7CC1521C6D1B200A020D0 /* Path.swift */ = {isa = PBXFileReference; lastKnownFileType = sourcecode.swift; path = Path.swift; sourceTree = "<group>"; };
		67C7CC1A21C6D5CD00A020D0 /* CGPoint+Extensions.swift */ = {isa = PBXFileReference; lastKnownFileType = sourcecode.swift; path = "CGPoint+Extensions.swift"; sourceTree = "<group>"; };
		67E863B82303493400A5DE73 /* NoteBeamDescriberSixEightTests.swift */ = {isa = PBXFileReference; lastKnownFileType = sourcecode.swift; path = NoteBeamDescriberSixEightTests.swift; sourceTree = "<group>"; };
		67E863BA2303498300A5DE73 /* NoteBeamDescriberTestsBase.swift */ = {isa = PBXFileReference; lastKnownFileType = sourcecode.swift; path = NoteBeamDescriberTestsBase.swift; sourceTree = "<group>"; };
		67F6880321EA6D32003707DD /* HorizontalLayoutItem.swift */ = {isa = PBXFileReference; lastKnownFileType = sourcecode.swift; path = HorizontalLayoutItem.swift; sourceTree = "<group>"; };
		67F6880521EA6E0C003707DD /* Array+Sorting.swift */ = {isa = PBXFileReference; lastKnownFileType = sourcecode.swift; path = "Array+Sorting.swift"; sourceTree = "<group>"; };
		67F6880A21EB51D6003707DD /* FloatingPoint+Extensions.swift */ = {isa = PBXFileReference; lastKnownFileType = sourcecode.swift; path = "FloatingPoint+Extensions.swift"; sourceTree = "<group>"; };
		67F6880D21EB52B9003707DD /* FloatingPoint+ExtensionsTests.swift */ = {isa = PBXFileReference; lastKnownFileType = sourcecode.swift; path = "FloatingPoint+ExtensionsTests.swift"; sourceTree = "<group>"; };
		67F6880F21EB5597003707DD /* Numeric+Constrained.swift */ = {isa = PBXFileReference; lastKnownFileType = sourcecode.swift; path = "Numeric+Constrained.swift"; sourceTree = "<group>"; };
/* End PBXFileReference section */

/* Begin PBXFrameworksBuildPhase section */
		67A15F8621C5129500C3C03F /* Frameworks */ = {
			isa = PBXFrameworksBuildPhase;
			buildActionMask = 2147483647;
			files = (
			);
			runOnlyForDeploymentPostprocessing = 0;
		};
		67A15F8F21C5129500C3C03F /* Frameworks */ = {
			isa = PBXFrameworksBuildPhase;
			buildActionMask = 2147483647;
			files = (
				67A15F9321C5129500C3C03F /* MusicNotationKit.framework in Frameworks */,
			);
			runOnlyForDeploymentPostprocessing = 0;
		};
/* End PBXFrameworksBuildPhase section */

/* Begin PBXGroup section */
		670ABDAC22C55C1B00BFA678 /* Sequence */ = {
			isa = PBXGroup;
			children = (
				670ABDAF22C55E7000BFA678 /* Sequence+Extensions.swift */,
				670ABDAD22C55C3700BFA678 /* Sequence+Sum.swift */,
			);
			path = Sequence;
			sourceTree = "<group>";
		};
		671A4D2322875211002C56E8 /* Supporting */ = {
			isa = PBXGroup;
			children = (
				6728B2C82239984B00382D92 /* Verification */,
			);
			path = Supporting;
			sourceTree = "<group>";
		};
		671A4D2622875296002C56E8 /* Renderer */ = {
			isa = PBXGroup;
			children = (
				671A4D27228752A8002C56E8 /* Render Operations */,
			);
			path = Renderer;
			sourceTree = "<group>";
		};
		671A4D27228752A8002C56E8 /* Render Operations */ = {
			isa = PBXGroup;
			children = (
				671A4D2A228752CC002C56E8 /* Generate Symbol Descriptions */,
				67A1EF792299910F009CF58C /* Calculate Playable Item Times */,
				67A1EF78229990F8009CF58C /* Generate Beam Descriptions */,
			);
			path = "Render Operations";
			sourceTree = "<group>";
		};
		671A4D2A228752CC002C56E8 /* Generate Symbol Descriptions */ = {
			isa = PBXGroup;
			children = (
				671A4D2B228752E7002C56E8 /* NoteSymbolDescriberTests.swift */,
			);
			path = "Generate Symbol Descriptions";
			sourceTree = "<group>";
		};
		671A4D332288688C002C56E8 /* Symbols Descriptions */ = {
			isa = PBXGroup;
			children = (
				671A4D34228868B3002C56E8 /* DotSymbol.swift */,
				670ABDB522C6AE5A00BFA678 /* SharpSymbol.swift */,
				6753D0F422D7D2220052F27F /* FlatSymbol.swift */,
				6753D0F822D7D89C0052F27F /* NaturalSymbol.swift */,
			);
			path = "Symbols Descriptions";
			sourceTree = "<group>";
		};
		6726FB01223067BC002EFE4D /* Generate Symbol Descriptions */ = {
			isa = PBXGroup;
			children = (
				6726FB04223068A6002EFE4D /* GenerationSymbolDescriptionsRenderOperation.swift */,
				674D503F21DD5242009E5AFE /* NoteSymbolDescriber.swift */,
				6751A84522357EA7000B0D08 /* RestSymbolDescriber.swift */,
			);
			path = "Generate Symbol Descriptions";
			sourceTree = "<group>";
		};
		6728B2BE22358AC900382D92 /* Debug Information */ = {
			isa = PBXGroup;
			children = (
				6728B2BF22358AF000382D92 /* ConstraintsDebugInformationGenerator.swift */,
			);
			path = "Debug Information";
			sourceTree = "<group>";
		};
		6728B2C3223996E300382D92 /* Model */ = {
			isa = PBXGroup;
			children = (
				6728B2C42239972C00382D92 /* NoteTests.swift */,
				6728B2C62239975700382D92 /* NoteSequenceTests.swift */,
				671A4D2D22885987002C56E8 /* NoteValueTests.swift */,
				674B9AB222ECC9DF0098D121 /* TimeSignatureTests.swift */,
			);
			path = Model;
			sourceTree = "<group>";
		};
		6728B2C82239984B00382D92 /* Verification */ = {
			isa = PBXGroup;
			children = (
				6728B2C92239986000382D92 /* NoteSequence+Verify.swift */,
				6728B2CB2239989100382D92 /* Array+Verify.swift */,
				671A4D242287524E002C56E8 /* NoteSymbolDescription+Verify.swift */,
				671A4D2F22885A02002C56E8 /* NoteValue+Verify.swift */,
			);
			path = Verification;
			sourceTree = "<group>";
		};
		6728B2CD22399C0800382D92 /* Swift Standard Library */ = {
			isa = PBXGroup;
			children = (
				679EB93722BC3AA400A22778 /* Array */,
				670ABDAC22C55C1B00BFA678 /* Sequence */,
				67AE184521D9387900F3545D /* Optional+Extensions.swift */,
				67AE184B21DA8C9000F3545D /* Collection+Accessors.swift */,
				67678DF521E2420D00E7FD71 /* Collection+Extensions.swift */,
				67F6880A21EB51D6003707DD /* FloatingPoint+Extensions.swift */,
				67F6880F21EB5597003707DD /* Numeric+Constrained.swift */,
				6753D0FE22D7E8790052F27F /* SignedNumeric+Extensions.swift */,
			);
			path = "Swift Standard Library";
			sourceTree = "<group>";
		};
		67494C8C21CEB0220078A575 /* Renderer */ = {
			isa = PBXGroup;
			children = (
				67494C7D21CC04550078A575 /* MusicRenderer.swift */,
				67678DFB21E259E500E7FD71 /* Render Operations */,
				67B5999623315B0100050589 /* Generate Paths */,
				6728B2BE22358AC900382D92 /* Debug Information */,
			);
			path = Renderer;
			sourceTree = "<group>";
		};
		674B9AB822EDF6330098D121 /* Basic Types */ = {
			isa = PBXGroup;
			children = (
				67669E5E22EDF668004F1927 /* IncrementingSequenceTests.swift */,
				67669E6222EDF9EE004F1927 /* RepeatingPatternSequenceTests.swift */,
				6756F61A2300C30C003F1F19 /* ElementPopperTests.swift */,
			);
			path = "Basic Types";
			sourceTree = "<group>";
		};
		674D503721DD50B2009E5AFE /* Basic Types */ = {
			isa = PBXGroup;
			children = (
				67494C7F21CC06740078A575 /* Vector2.swift */,
				67C7CC1521C6D1B200A020D0 /* Path.swift */,
				67AE184721D9462C00F3545D /* Time.swift */,
				67678DFF21E2865400E7FD71 /* EnumeratedWithLastItemFlagBidirectionalCollection.swift */,
				674B9AB422EDF6040098D121 /* IncrementingSequence.swift */,
				67669E6022EDF9D9004F1927 /* RepeatingPatternSequence.swift */,
				6756F6182300C2AE003F1F19 /* ElementPopper.swift */,
			);
			path = "Basic Types";
			sourceTree = "<group>";
		};
		674D504C21E23D52009E5AFE /* Horizontal Positioner */ = {
			isa = PBXGroup;
			children = (
				674D504D21E23D72009E5AFE /* HorizontalPositionerRenderOperation.swift */,
				679EB93522BC1AF300A22778 /* LayoutAnchor.swift */,
				6767E321229F182E00E9964D /* LayoutAnchorsBuilder.swift */,
				6767E31F229F143D00E9964D /* HorizontalLayoutSolver.swift */,
				670ABDB122C562CF00BFA678 /* FixedDistanceLayoutSolver.swift */,
				6769B42622BDA0BC00AAFFF9 /* LayoutTimingSolver.swift */,
			);
			path = "Horizontal Positioner";
			sourceTree = "<group>";
		};
		6751A8332232FC96000B0D08 /* Generate Beam Descriptions */ = {
			isa = PBXGroup;
			children = (
				6751A8342232FCC4000B0D08 /* GenerateBeamDescriptionsRenderOperation.swift */,
				67678DF921E250A200E7FD71 /* NoteBeamDescriber.swift */,
				674B9AAE22ECB9940098D121 /* NoteClusterer.swift */,
			);
			path = "Generate Beam Descriptions";
			sourceTree = "<group>";
		};
		6751A8362232FDBF000B0D08 /* Calculate Playable Item Times */ = {
			isa = PBXGroup;
			children = (
				6751A8372232FE9F000B0D08 /* CalculatePlayableItemTimesRenderOperation.swift */,
				674D504121DD5774009E5AFE /* PlayableItemTimeCalculator.swift */,
			);
			path = "Calculate Playable Item Times";
			sourceTree = "<group>";
		};
		6751A83C22330289000B0D08 /* Vertical Positioner */ = {
			isa = PBXGroup;
			children = (
				67678DF721E245DB00E7FD71 /* VerticalPositionerRenderOperation.swift */,
			);
			path = "Vertical Positioner";
			sourceTree = "<group>";
		};
		6753D10022DA5E710052F27F /* Calculate Stem DIrections */ = {
			isa = PBXGroup;
			children = (
				6753D10122DA5E990052F27F /* CalculateStemDirectionsRenderOperation.swift */,
				6739EEAC22E470EA0050950B /* StemDirectionDecider.swift */,
			);
			path = "Calculate Stem DIrections";
			sourceTree = "<group>";
		};
		67678DFB21E259E500E7FD71 /* Render Operations */ = {
			isa = PBXGroup;
			children = (
				6726FB0222306840002EFE4D /* RenderOperation.swift */,
				6726FB01223067BC002EFE4D /* Generate Symbol Descriptions */,
				6751A8362232FDBF000B0D08 /* Calculate Playable Item Times */,
				6751A8332232FC96000B0D08 /* Generate Beam Descriptions */,
				6753D10022DA5E710052F27F /* Calculate Stem DIrections */,
				674D504C21E23D52009E5AFE /* Horizontal Positioner */,
				6751A83C22330289000B0D08 /* Vertical Positioner */,
				67A437A122E8F8E4008C00E3 /* Calculate Stem Lengths */,
			);
			path = "Render Operations";
			sourceTree = "<group>";
		};
		67678DFC21E25A1400E7FD71 /* Component Renderers */ = {
			isa = PBXGroup;
			children = (
				674D504A21E23CD8009E5AFE /* NoteRenderer.swift */,
				6751A849223585D5000B0D08 /* RestRenderer.swift */,
				6749365021CF8861005BA334 /* StaveRenderer.swift */,
				67678E0821E3EF7E00E7FD71 /* BarlineRender.swift */,
				671A4D3822886FBD002C56E8 /* DotRenderer.swift */,
				670ABDB722C6B1D100BFA678 /* SharpRenderer.swift */,
				6753D0F622D7D31D0052F27F /* FlatRendereer.swift */,
				6753D0FA22D7D9340052F27F /* NaturalRenderer.swift */,
			);
			path = "Component Renderers";
			sourceTree = "<group>";
		};
		67678E0521E3E9BA00E7FD71 /* Protocols */ = {
			isa = PBXGroup;
			children = (
				67F6880321EA6D32003707DD /* HorizontalLayoutItem.swift */,
				67678E0621E3E9CB00E7FD71 /* Positionable.swift */,
				6751A84322357AFA000B0D08 /* Playable.swift */,
			);
			path = Protocols;
			sourceTree = "<group>";
		};
		677C9C7E21C5168500C7A16E /* Model */ = {
			isa = PBXGroup;
			children = (
				67678E0521E3E9BA00E7FD71 /* Protocols */,
				671A4D332288688C002C56E8 /* Symbols Descriptions */,
				674D503821DD50C8009E5AFE /* Composition.swift */,
				674D503A21DD50E6009E5AFE /* Bar.swift */,
				674B9AAC22ECB64E0098D121 /* TimeSignature.swift */,
				674D503C21DD50F8009E5AFE /* NoteSequence.swift */,
				67A15FA321C512E800C3C03F /* Note.swift */,
				6751A84122357AE3000B0D08 /* Rest.swift */,
				6751A83D223304E7000B0D08 /* Barline.swift */,
				67494C8921CD84520078A575 /* Pitch.swift */,
				6751A83F22350475000B0D08 /* NoteValue.swift */,
			);
			path = Model;
			sourceTree = "<group>";
		};
		677C9C7F21C5169200C7A16E /* View */ = {
			isa = PBXGroup;
			children = (
				677C9C8021C5172100C7A16E /* MusicView.swift */,
				6728B2C12236FE6000382D92 /* ConstraintsDebugDrawer.swift */,
			);
			path = View;
			sourceTree = "<group>";
		};
		677C9C8221C518F800C7A16E /* Extensions */ = {
			isa = PBXGroup;
			children = (
				677643F2228E0D18000683FF /* FreeFunctions.swift */,
				6728B2CD22399C0800382D92 /* Swift Standard Library */,
				677C9C8321C5192900C7A16E /* UIBezierPath+Extensions.swift */,
				67C7CC1A21C6D5CD00A020D0 /* CGPoint+Extensions.swift */,
			);
			path = Extensions;
			sourceTree = "<group>";
		};
		679EB93722BC3AA400A22778 /* Array */ = {
			isa = PBXGroup;
			children = (
				67494C8721CD6ECC0078A575 /* Array_Numeric+Extensions.swift */,
				67AE184321D9305700F3545D /* Array+Extensions.swift */,
				67F6880521EA6E0C003707DD /* Array+Sorting.swift */,
				679EB93822BC3AB800A22778 /* Array+Chunked.swift */,
				6769B42822BDA52800AAFFF9 /* Array+Extract.swift */,
				67669E6422EDFEDB004F1927 /* Array+Insertion.swift */,
			);
			path = Array;
			sourceTree = "<group>";
		};
		67A15F7F21C5129500C3C03F = {
			isa = PBXGroup;
			children = (
				67A15F8B21C5129500C3C03F /* MusicNotationKit */,
				67A15F9621C5129500C3C03F /* MusicNotationKitTests */,
				67A15F8A21C5129500C3C03F /* Products */,
			);
			sourceTree = "<group>";
		};
		67A15F8A21C5129500C3C03F /* Products */ = {
			isa = PBXGroup;
			children = (
				67A15F8921C5129500C3C03F /* MusicNotationKit.framework */,
				67A15F9221C5129500C3C03F /* MusicNotationKitTests.xctest */,
			);
			name = Products;
			sourceTree = "<group>";
		};
		67A15F8B21C5129500C3C03F /* MusicNotationKit */ = {
			isa = PBXGroup;
			children = (
				67A15F8C21C5129500C3C03F /* MusicNotationKit.h */,
				67494C7B21CC02D40078A575 /* SymbolPaths.swift */,
				674D503721DD50B2009E5AFE /* Basic Types */,
				677C9C8221C518F800C7A16E /* Extensions */,
				677C9C7E21C5168500C7A16E /* Model */,
				67494C8C21CEB0220078A575 /* Renderer */,
				677C9C7F21C5169200C7A16E /* View */,
				67A15F8D21C5129500C3C03F /* Info.plist */,
			);
			path = MusicNotationKit;
			sourceTree = "<group>";
		};
		67A15F9621C5129500C3C03F /* MusicNotationKitTests */ = {
			isa = PBXGroup;
			children = (
				674B9AB822EDF6330098D121 /* Basic Types */,
				671A4D2322875211002C56E8 /* Supporting */,
				67F6880C21EB529F003707DD /* Extensions */,
				6728B2C3223996E300382D92 /* Model */,
				671A4D2622875296002C56E8 /* Renderer */,
				67A15F9721C5129500C3C03F /* MusicNotationKitTests.swift */,
				67494C8121CC06940078A575 /* Vector2Tests.swift */,
				67AE184921D9465C00F3545D /* TimeTests.swift */,
				67678E0121E28ADF00E7FD71 /* EnumeratedWithLastItemFlagBidirectionalCollection.swift */,
				67A15F9921C5129500C3C03F /* Info.plist */,
			);
			path = MusicNotationKitTests;
			sourceTree = "<group>";
		};
		67A1EF78229990F8009CF58C /* Generate Beam Descriptions */ = {
			isa = PBXGroup;
			children = (
				67A1EF7C22999974009CF58C /* NoteBeamDescriberTests.swift */,
				67E863BA2303498300A5DE73 /* NoteBeamDescriberTestsBase.swift */,
				6756F61623005D7A003F1F19 /* NoteBeamDescriberFourFourTests.swift */,
				67E863B82303493400A5DE73 /* NoteBeamDescriberSixEightTests.swift */,
				674B9AB022ECBCC80098D121 /* NoteClustererTests.swift */,
			);
			path = "Generate Beam Descriptions";
			sourceTree = "<group>";
		};
		67A1EF792299910F009CF58C /* Calculate Playable Item Times */ = {
			isa = PBXGroup;
			children = (
				67A1EF7A22999143009CF58C /* PlayableItemTimeCalculatorTests.swift */,
			);
			path = "Calculate Playable Item Times";
			sourceTree = "<group>";
		};
		67A437A122E8F8E4008C00E3 /* Calculate Stem Lengths */ = {
			isa = PBXGroup;
			children = (
				67A437A222E8F90F008C00E3 /* CalculateStemLengthsRenderOperation.swift */,
				674B9AAA22EA49B70098D121 /* NoteClusterStemLengthCalculator.swift */,
			);
			path = "Calculate Stem Lengths";
			sourceTree = "<group>";
		};
		67B5999623315B0100050589 /* Generate Paths */ = {
			isa = PBXGroup;
			children = (
				6785A9B423315B38004B32B8 /* CompositionPathsCreator.swift */,
				67678DFC21E25A1400E7FD71 /* Component Renderers */,
			);
			path = "Generate Paths";
			sourceTree = "<group>";
		};
		67F6880C21EB529F003707DD /* Extensions */ = {
			isa = PBXGroup;
			children = (
				67F6880D21EB52B9003707DD /* FloatingPoint+ExtensionsTests.swift */,
				6769B42A22BDA77C00AAFFF9 /* Array+ExtractTests.swift */,
			);
			path = Extensions;
			sourceTree = "<group>";
		};
/* End PBXGroup section */

/* Begin PBXHeadersBuildPhase section */
		67A15F8421C5129500C3C03F /* Headers */ = {
			isa = PBXHeadersBuildPhase;
			buildActionMask = 2147483647;
			files = (
				67A15F9A21C5129500C3C03F /* MusicNotationKit.h in Headers */,
			);
			runOnlyForDeploymentPostprocessing = 0;
		};
/* End PBXHeadersBuildPhase section */

/* Begin PBXNativeTarget section */
		67A15F8821C5129500C3C03F /* MusicNotationKit */ = {
			isa = PBXNativeTarget;
			buildConfigurationList = 67A15F9D21C5129500C3C03F /* Build configuration list for PBXNativeTarget "MusicNotationKit" */;
			buildPhases = (
				67A15F8421C5129500C3C03F /* Headers */,
				67A15F8521C5129500C3C03F /* Sources */,
				67A15F8621C5129500C3C03F /* Frameworks */,
				67A15F8721C5129500C3C03F /* Resources */,
			);
			buildRules = (
			);
			dependencies = (
			);
			name = MusicNotationKit;
			productName = MusicNotationKit;
			productReference = 67A15F8921C5129500C3C03F /* MusicNotationKit.framework */;
			productType = "com.apple.product-type.framework";
		};
		67A15F9121C5129500C3C03F /* MusicNotationKitTests */ = {
			isa = PBXNativeTarget;
			buildConfigurationList = 67A15FA021C5129500C3C03F /* Build configuration list for PBXNativeTarget "MusicNotationKitTests" */;
			buildPhases = (
				67A15F8E21C5129500C3C03F /* Sources */,
				67A15F8F21C5129500C3C03F /* Frameworks */,
				67A15F9021C5129500C3C03F /* Resources */,
			);
			buildRules = (
			);
			dependencies = (
				67A15F9521C5129500C3C03F /* PBXTargetDependency */,
			);
			name = MusicNotationKitTests;
			productName = MusicNotationKitTests;
			productReference = 67A15F9221C5129500C3C03F /* MusicNotationKitTests.xctest */;
			productType = "com.apple.product-type.bundle.unit-test";
		};
/* End PBXNativeTarget section */

/* Begin PBXProject section */
		67A15F8021C5129500C3C03F /* Project object */ = {
			isa = PBXProject;
			attributes = {
				LastSwiftUpdateCheck = 1010;
				LastUpgradeCheck = 1010;
				ORGANIZATIONNAME = "Steve Barnegren";
				TargetAttributes = {
					67A15F8821C5129500C3C03F = {
						CreatedOnToolsVersion = 10.1;
						LastSwiftMigration = 1010;
					};
					67A15F9121C5129500C3C03F = {
						CreatedOnToolsVersion = 10.1;
					};
				};
			};
			buildConfigurationList = 67A15F8321C5129500C3C03F /* Build configuration list for PBXProject "MusicNotationKit" */;
			compatibilityVersion = "Xcode 9.3";
			developmentRegion = en;
			hasScannedForEncodings = 0;
			knownRegions = (
				en,
			);
			mainGroup = 67A15F7F21C5129500C3C03F;
			productRefGroup = 67A15F8A21C5129500C3C03F /* Products */;
			projectDirPath = "";
			projectRoot = "";
			targets = (
				67A15F8821C5129500C3C03F /* MusicNotationKit */,
				67A15F9121C5129500C3C03F /* MusicNotationKitTests */,
			);
		};
/* End PBXProject section */

/* Begin PBXResourcesBuildPhase section */
		67A15F8721C5129500C3C03F /* Resources */ = {
			isa = PBXResourcesBuildPhase;
			buildActionMask = 2147483647;
			files = (
			);
			runOnlyForDeploymentPostprocessing = 0;
		};
		67A15F9021C5129500C3C03F /* Resources */ = {
			isa = PBXResourcesBuildPhase;
			buildActionMask = 2147483647;
			files = (
			);
			runOnlyForDeploymentPostprocessing = 0;
		};
/* End PBXResourcesBuildPhase section */

/* Begin PBXSourcesBuildPhase section */
		67A15F8521C5129500C3C03F /* Sources */ = {
			isa = PBXSourcesBuildPhase;
			buildActionMask = 2147483647;
			files = (
				677C9C8421C5192900C7A16E /* UIBezierPath+Extensions.swift in Sources */,
				670ABDB822C6B1D200BFA678 /* SharpRenderer.swift in Sources */,
				6751A8382232FE9F000B0D08 /* CalculatePlayableItemTimesRenderOperation.swift in Sources */,
				674B9AAD22ECB64E0098D121 /* TimeSignature.swift in Sources */,
				67AE184421D9305700F3545D /* Array+Extensions.swift in Sources */,
				6767E320229F143D00E9964D /* HorizontalLayoutSolver.swift in Sources */,
				67A437A322E8F90F008C00E3 /* CalculateStemLengthsRenderOperation.swift in Sources */,
				6751A84222357AE3000B0D08 /* Rest.swift in Sources */,
				6726FB0322306840002EFE4D /* RenderOperation.swift in Sources */,
				674D504B21E23CD8009E5AFE /* NoteRenderer.swift in Sources */,
				67C7CC1B21C6D5CD00A020D0 /* CGPoint+Extensions.swift in Sources */,
				67678DFA21E250A200E7FD71 /* NoteBeamDescriber.swift in Sources */,
				6751A8352232FCC4000B0D08 /* GenerateBeamDescriptionsRenderOperation.swift in Sources */,
				67AE184821D9462C00F3545D /* Time.swift in Sources */,
				670ABDB222C562CF00BFA678 /* FixedDistanceLayoutSolver.swift in Sources */,
				67AE184C21DA8C9000F3545D /* Collection+Accessors.swift in Sources */,
				6753D0F522D7D2220052F27F /* FlatSymbol.swift in Sources */,
				677643F3228E0D18000683FF /* FreeFunctions.swift in Sources */,
				67678DF621E2420D00E7FD71 /* Collection+Extensions.swift in Sources */,
				67AE184621D9387900F3545D /* Optional+Extensions.swift in Sources */,
				6769B42722BDA0BC00AAFFF9 /* LayoutTimingSolver.swift in Sources */,
				6753D10222DA5E990052F27F /* CalculateStemDirectionsRenderOperation.swift in Sources */,
				677C9C8121C5172100C7A16E /* MusicView.swift in Sources */,
				6751A84622357EA7000B0D08 /* RestSymbolDescriber.swift in Sources */,
				67494C7E21CC04550078A575 /* MusicRenderer.swift in Sources */,
				67678E0921E3EF7E00E7FD71 /* BarlineRender.swift in Sources */,
				67F6880B21EB51D6003707DD /* FloatingPoint+Extensions.swift in Sources */,
				67678E0021E2865400E7FD71 /* EnumeratedWithLastItemFlagBidirectionalCollection.swift in Sources */,
				670ABDAE22C55C3700BFA678 /* Sequence+Sum.swift in Sources */,
				67C7CC1621C6D1B200A020D0 /* Path.swift in Sources */,
				674D503B21DD50E6009E5AFE /* Bar.swift in Sources */,
				674B9AAB22EA49B70098D121 /* NoteClusterStemLengthCalculator.swift in Sources */,
				6739EEAD22E470EA0050950B /* StemDirectionDecider.swift in Sources */,
				679EB93622BC1AF300A22778 /* LayoutAnchor.swift in Sources */,
				671A4D35228868B3002C56E8 /* DotSymbol.swift in Sources */,
				6751A84A223585D5000B0D08 /* RestRenderer.swift in Sources */,
				674D504221DD5774009E5AFE /* PlayableItemTimeCalculator.swift in Sources */,
				6756F6192300C2AE003F1F19 /* ElementPopper.swift in Sources */,
				674D503921DD50C8009E5AFE /* Composition.swift in Sources */,
				67678E0721E3E9CB00E7FD71 /* Positionable.swift in Sources */,
				67F6881021EB5597003707DD /* Numeric+Constrained.swift in Sources */,
				67669E6522EDFEDB004F1927 /* Array+Insertion.swift in Sources */,
				67669E6122EDF9D9004F1927 /* RepeatingPatternSequence.swift in Sources */,
				67494C8A21CD84520078A575 /* Pitch.swift in Sources */,
				6728B2C022358AF000382D92 /* ConstraintsDebugInformationGenerator.swift in Sources */,
				674D503E21DD518F009E5AFE /* StaveRenderer.swift in Sources */,
				679EB93922BC3AB800A22778 /* Array+Chunked.swift in Sources */,
				6767E322229F182E00E9964D /* LayoutAnchorsBuilder.swift in Sources */,
				674D504021DD5242009E5AFE /* NoteSymbolDescriber.swift in Sources */,
				67494C8021CC06740078A575 /* Vector2.swift in Sources */,
				674D503D21DD50F8009E5AFE /* NoteSequence.swift in Sources */,
				67494C8821CD6ECC0078A575 /* Array_Numeric+Extensions.swift in Sources */,
				671A4D3922886FBD002C56E8 /* DotRenderer.swift in Sources */,
				6751A84022350475000B0D08 /* NoteValue.swift in Sources */,
				67678DF821E245DB00E7FD71 /* VerticalPositionerRenderOperation.swift in Sources */,
				674B9AAF22ECB9940098D121 /* NoteClusterer.swift in Sources */,
				6751A84422357AFA000B0D08 /* Playable.swift in Sources */,
				67A15FA421C512E800C3C03F /* Note.swift in Sources */,
				67F6880421EA6D32003707DD /* HorizontalLayoutItem.swift in Sources */,
				674D504E21E23D72009E5AFE /* HorizontalPositionerRenderOperation.swift in Sources */,
				670ABDB022C55E7000BFA678 /* Sequence+Extensions.swift in Sources */,
				67F6880621EA6E0C003707DD /* Array+Sorting.swift in Sources */,
				6751A83E223304E7000B0D08 /* Barline.swift in Sources */,
				6753D0FB22D7D9340052F27F /* NaturalRenderer.swift in Sources */,
				674B9AB522EDF6050098D121 /* IncrementingSequence.swift in Sources */,
				6769B42922BDA52800AAFFF9 /* Array+Extract.swift in Sources */,
				6726FB05223068A6002EFE4D /* GenerationSymbolDescriptionsRenderOperation.swift in Sources */,
				67494C7C21CC02D40078A575 /* SymbolPaths.swift in Sources */,
				6753D0F722D7D31D0052F27F /* FlatRendereer.swift in Sources */,
				6785A9B523315B38004B32B8 /* CompositionPathsCreator.swift in Sources */,
				6753D0F922D7D89C0052F27F /* NaturalSymbol.swift in Sources */,
				6753D0FF22D7E8790052F27F /* SignedNumeric+Extensions.swift in Sources */,
				6728B2C22236FE6000382D92 /* ConstraintsDebugDrawer.swift in Sources */,
				670ABDB622C6AE5A00BFA678 /* SharpSymbol.swift in Sources */,
			);
			runOnlyForDeploymentPostprocessing = 0;
		};
		67A15F8E21C5129500C3C03F /* Sources */ = {
			isa = PBXSourcesBuildPhase;
			buildActionMask = 2147483647;
			files = (
				67AE184A21D9465C00F3545D /* TimeTests.swift in Sources */,
				67A15F9821C5129500C3C03F /* MusicNotationKitTests.swift in Sources */,
				674B9AB122ECBCC80098D121 /* NoteClustererTests.swift in Sources */,
				67E863B92303493400A5DE73 /* NoteBeamDescriberSixEightTests.swift in Sources */,
				67A1EF7B22999143009CF58C /* PlayableItemTimeCalculatorTests.swift in Sources */,
				67669E5F22EDF668004F1927 /* IncrementingSequenceTests.swift in Sources */,
				6728B2CC2239989100382D92 /* Array+Verify.swift in Sources */,
				671A4D2C228752E7002C56E8 /* NoteSymbolDescriberTests.swift in Sources */,
				671A4D3022885A02002C56E8 /* NoteValue+Verify.swift in Sources */,
				67678E0221E28ADF00E7FD71 /* EnumeratedWithLastItemFlagBidirectionalCollection.swift in Sources */,
				67A1EF7D22999974009CF58C /* NoteBeamDescriberTests.swift in Sources */,
				674B9AB322ECC9DF0098D121 /* TimeSignatureTests.swift in Sources */,
				6769B42B22BDA77C00AAFFF9 /* Array+ExtractTests.swift in Sources */,
				6756F61723005D7A003F1F19 /* NoteBeamDescriberFourFourTests.swift in Sources */,
				671A4D2E22885987002C56E8 /* NoteValueTests.swift in Sources */,
				6728B2C72239975700382D92 /* NoteSequenceTests.swift in Sources */,
				67F6880E21EB52B9003707DD /* FloatingPoint+ExtensionsTests.swift in Sources */,
				6728B2CA2239986000382D92 /* NoteSequence+Verify.swift in Sources */,
				671A4D252287524E002C56E8 /* NoteSymbolDescription+Verify.swift in Sources */,
				6756F61B2300C30C003F1F19 /* ElementPopperTests.swift in Sources */,
				6728B2C52239972C00382D92 /* NoteTests.swift in Sources */,
				67494C8221CC06940078A575 /* Vector2Tests.swift in Sources */,
				67E863BB2303498300A5DE73 /* NoteBeamDescriberTestsBase.swift in Sources */,
				67669E6322EDF9EE004F1927 /* RepeatingPatternSequenceTests.swift in Sources */,
			);
			runOnlyForDeploymentPostprocessing = 0;
		};
/* End PBXSourcesBuildPhase section */

/* Begin PBXTargetDependency section */
		67A15F9521C5129500C3C03F /* PBXTargetDependency */ = {
			isa = PBXTargetDependency;
			target = 67A15F8821C5129500C3C03F /* MusicNotationKit */;
			targetProxy = 67A15F9421C5129500C3C03F /* PBXContainerItemProxy */;
		};
/* End PBXTargetDependency section */

/* Begin XCBuildConfiguration section */
		67A15F9B21C5129500C3C03F /* Debug */ = {
			isa = XCBuildConfiguration;
			buildSettings = {
				ALWAYS_SEARCH_USER_PATHS = NO;
				CLANG_ANALYZER_NONNULL = YES;
				CLANG_ANALYZER_NUMBER_OBJECT_CONVERSION = YES_AGGRESSIVE;
				CLANG_CXX_LANGUAGE_STANDARD = "gnu++14";
				CLANG_CXX_LIBRARY = "libc++";
				CLANG_ENABLE_MODULES = YES;
				CLANG_ENABLE_OBJC_ARC = YES;
				CLANG_ENABLE_OBJC_WEAK = YES;
				CLANG_WARN_BLOCK_CAPTURE_AUTORELEASING = YES;
				CLANG_WARN_BOOL_CONVERSION = YES;
				CLANG_WARN_COMMA = YES;
				CLANG_WARN_CONSTANT_CONVERSION = YES;
				CLANG_WARN_DEPRECATED_OBJC_IMPLEMENTATIONS = YES;
				CLANG_WARN_DIRECT_OBJC_ISA_USAGE = YES_ERROR;
				CLANG_WARN_DOCUMENTATION_COMMENTS = YES;
				CLANG_WARN_EMPTY_BODY = YES;
				CLANG_WARN_ENUM_CONVERSION = YES;
				CLANG_WARN_INFINITE_RECURSION = YES;
				CLANG_WARN_INT_CONVERSION = YES;
				CLANG_WARN_NON_LITERAL_NULL_CONVERSION = YES;
				CLANG_WARN_OBJC_IMPLICIT_RETAIN_SELF = YES;
				CLANG_WARN_OBJC_LITERAL_CONVERSION = YES;
				CLANG_WARN_OBJC_ROOT_CLASS = YES_ERROR;
				CLANG_WARN_RANGE_LOOP_ANALYSIS = YES;
				CLANG_WARN_STRICT_PROTOTYPES = YES;
				CLANG_WARN_SUSPICIOUS_MOVE = YES;
				CLANG_WARN_UNGUARDED_AVAILABILITY = YES_AGGRESSIVE;
				CLANG_WARN_UNREACHABLE_CODE = YES;
				CLANG_WARN__DUPLICATE_METHOD_MATCH = YES;
				CODE_SIGN_IDENTITY = "iPhone Developer";
				COPY_PHASE_STRIP = NO;
				CURRENT_PROJECT_VERSION = 1;
				DEBUG_INFORMATION_FORMAT = dwarf;
				ENABLE_STRICT_OBJC_MSGSEND = YES;
				ENABLE_TESTABILITY = YES;
				GCC_C_LANGUAGE_STANDARD = gnu11;
				GCC_DYNAMIC_NO_PIC = NO;
				GCC_NO_COMMON_BLOCKS = YES;
				GCC_OPTIMIZATION_LEVEL = 0;
				GCC_PREPROCESSOR_DEFINITIONS = (
					"DEBUG=1",
					"$(inherited)",
				);
				GCC_WARN_64_TO_32_BIT_CONVERSION = YES;
				GCC_WARN_ABOUT_RETURN_TYPE = YES_ERROR;
				GCC_WARN_UNDECLARED_SELECTOR = YES;
				GCC_WARN_UNINITIALIZED_AUTOS = YES_AGGRESSIVE;
				GCC_WARN_UNUSED_FUNCTION = YES;
				GCC_WARN_UNUSED_VARIABLE = YES;
				IPHONEOS_DEPLOYMENT_TARGET = 12.1;
				MTL_ENABLE_DEBUG_INFO = INCLUDE_SOURCE;
				MTL_FAST_MATH = YES;
				ONLY_ACTIVE_ARCH = YES;
				SDKROOT = iphoneos;
				SWIFT_ACTIVE_COMPILATION_CONDITIONS = DEBUG;
				SWIFT_OPTIMIZATION_LEVEL = "-Onone";
				VERSIONING_SYSTEM = "apple-generic";
				VERSION_INFO_PREFIX = "";
			};
			name = Debug;
		};
		67A15F9C21C5129500C3C03F /* Release */ = {
			isa = XCBuildConfiguration;
			buildSettings = {
				ALWAYS_SEARCH_USER_PATHS = NO;
				CLANG_ANALYZER_NONNULL = YES;
				CLANG_ANALYZER_NUMBER_OBJECT_CONVERSION = YES_AGGRESSIVE;
				CLANG_CXX_LANGUAGE_STANDARD = "gnu++14";
				CLANG_CXX_LIBRARY = "libc++";
				CLANG_ENABLE_MODULES = YES;
				CLANG_ENABLE_OBJC_ARC = YES;
				CLANG_ENABLE_OBJC_WEAK = YES;
				CLANG_WARN_BLOCK_CAPTURE_AUTORELEASING = YES;
				CLANG_WARN_BOOL_CONVERSION = YES;
				CLANG_WARN_COMMA = YES;
				CLANG_WARN_CONSTANT_CONVERSION = YES;
				CLANG_WARN_DEPRECATED_OBJC_IMPLEMENTATIONS = YES;
				CLANG_WARN_DIRECT_OBJC_ISA_USAGE = YES_ERROR;
				CLANG_WARN_DOCUMENTATION_COMMENTS = YES;
				CLANG_WARN_EMPTY_BODY = YES;
				CLANG_WARN_ENUM_CONVERSION = YES;
				CLANG_WARN_INFINITE_RECURSION = YES;
				CLANG_WARN_INT_CONVERSION = YES;
				CLANG_WARN_NON_LITERAL_NULL_CONVERSION = YES;
				CLANG_WARN_OBJC_IMPLICIT_RETAIN_SELF = YES;
				CLANG_WARN_OBJC_LITERAL_CONVERSION = YES;
				CLANG_WARN_OBJC_ROOT_CLASS = YES_ERROR;
				CLANG_WARN_RANGE_LOOP_ANALYSIS = YES;
				CLANG_WARN_STRICT_PROTOTYPES = YES;
				CLANG_WARN_SUSPICIOUS_MOVE = YES;
				CLANG_WARN_UNGUARDED_AVAILABILITY = YES_AGGRESSIVE;
				CLANG_WARN_UNREACHABLE_CODE = YES;
				CLANG_WARN__DUPLICATE_METHOD_MATCH = YES;
				CODE_SIGN_IDENTITY = "iPhone Developer";
				COPY_PHASE_STRIP = NO;
				CURRENT_PROJECT_VERSION = 1;
				DEBUG_INFORMATION_FORMAT = "dwarf-with-dsym";
				ENABLE_NS_ASSERTIONS = NO;
				ENABLE_STRICT_OBJC_MSGSEND = YES;
				GCC_C_LANGUAGE_STANDARD = gnu11;
				GCC_NO_COMMON_BLOCKS = YES;
				GCC_WARN_64_TO_32_BIT_CONVERSION = YES;
				GCC_WARN_ABOUT_RETURN_TYPE = YES_ERROR;
				GCC_WARN_UNDECLARED_SELECTOR = YES;
				GCC_WARN_UNINITIALIZED_AUTOS = YES_AGGRESSIVE;
				GCC_WARN_UNUSED_FUNCTION = YES;
				GCC_WARN_UNUSED_VARIABLE = YES;
				IPHONEOS_DEPLOYMENT_TARGET = 12.1;
				MTL_ENABLE_DEBUG_INFO = NO;
				MTL_FAST_MATH = YES;
				SDKROOT = iphoneos;
				SWIFT_COMPILATION_MODE = wholemodule;
				SWIFT_OPTIMIZATION_LEVEL = "-O";
				VALIDATE_PRODUCT = YES;
				VERSIONING_SYSTEM = "apple-generic";
				VERSION_INFO_PREFIX = "";
			};
			name = Release;
		};
		67A15F9E21C5129500C3C03F /* Debug */ = {
			isa = XCBuildConfiguration;
			buildSettings = {
				CLANG_ENABLE_MODULES = YES;
				CODE_SIGN_IDENTITY = "";
				CODE_SIGN_STYLE = Automatic;
				DEFINES_MODULE = YES;
				DYLIB_COMPATIBILITY_VERSION = 1;
				DYLIB_CURRENT_VERSION = 1;
				DYLIB_INSTALL_NAME_BASE = "@rpath";
				INFOPLIST_FILE = MusicNotationKit/Info.plist;
				INSTALL_PATH = "$(LOCAL_LIBRARY_DIR)/Frameworks";
				LD_RUNPATH_SEARCH_PATHS = (
					"$(inherited)",
					"@executable_path/Frameworks",
					"@loader_path/Frameworks",
				);
				PRODUCT_BUNDLE_IDENTIFIER = SteveBarnegren.MusicNotationKit;
				PRODUCT_NAME = "$(TARGET_NAME:c99extidentifier)";
				SKIP_INSTALL = YES;
				SWIFT_OPTIMIZATION_LEVEL = "-Onone";
				SWIFT_VERSION = 4.2;
				TARGETED_DEVICE_FAMILY = "1,2";
			};
			name = Debug;
		};
		67A15F9F21C5129500C3C03F /* Release */ = {
			isa = XCBuildConfiguration;
			buildSettings = {
				CLANG_ENABLE_MODULES = YES;
				CODE_SIGN_IDENTITY = "";
				CODE_SIGN_STYLE = Automatic;
				DEFINES_MODULE = YES;
				DYLIB_COMPATIBILITY_VERSION = 1;
				DYLIB_CURRENT_VERSION = 1;
				DYLIB_INSTALL_NAME_BASE = "@rpath";
				INFOPLIST_FILE = MusicNotationKit/Info.plist;
				INSTALL_PATH = "$(LOCAL_LIBRARY_DIR)/Frameworks";
				LD_RUNPATH_SEARCH_PATHS = (
					"$(inherited)",
					"@executable_path/Frameworks",
					"@loader_path/Frameworks",
				);
				PRODUCT_BUNDLE_IDENTIFIER = SteveBarnegren.MusicNotationKit;
				PRODUCT_NAME = "$(TARGET_NAME:c99extidentifier)";
				SKIP_INSTALL = YES;
				SWIFT_VERSION = 4.2;
				TARGETED_DEVICE_FAMILY = "1,2";
			};
			name = Release;
		};
		67A15FA121C5129500C3C03F /* Debug */ = {
			isa = XCBuildConfiguration;
			buildSettings = {
				ALWAYS_EMBED_SWIFT_STANDARD_LIBRARIES = YES;
				CODE_SIGN_STYLE = Automatic;
				INFOPLIST_FILE = MusicNotationKitTests/Info.plist;
				LD_RUNPATH_SEARCH_PATHS = (
					"$(inherited)",
					"@executable_path/Frameworks",
					"@loader_path/Frameworks",
				);
				PRODUCT_BUNDLE_IDENTIFIER = SteveBarnegren.MusicNotationKitTests;
				PRODUCT_NAME = "$(TARGET_NAME)";
				SWIFT_VERSION = 4.2;
				TARGETED_DEVICE_FAMILY = "1,2";
			};
			name = Debug;
		};
		67A15FA221C5129500C3C03F /* Release */ = {
			isa = XCBuildConfiguration;
			buildSettings = {
				ALWAYS_EMBED_SWIFT_STANDARD_LIBRARIES = YES;
				CODE_SIGN_STYLE = Automatic;
				INFOPLIST_FILE = MusicNotationKitTests/Info.plist;
				LD_RUNPATH_SEARCH_PATHS = (
					"$(inherited)",
					"@executable_path/Frameworks",
					"@loader_path/Frameworks",
				);
				PRODUCT_BUNDLE_IDENTIFIER = SteveBarnegren.MusicNotationKitTests;
				PRODUCT_NAME = "$(TARGET_NAME)";
				SWIFT_VERSION = 4.2;
				TARGETED_DEVICE_FAMILY = "1,2";
			};
			name = Release;
		};
/* End XCBuildConfiguration section */

/* Begin XCConfigurationList section */
		67A15F8321C5129500C3C03F /* Build configuration list for PBXProject "MusicNotationKit" */ = {
			isa = XCConfigurationList;
			buildConfigurations = (
				67A15F9B21C5129500C3C03F /* Debug */,
				67A15F9C21C5129500C3C03F /* Release */,
			);
			defaultConfigurationIsVisible = 0;
			defaultConfigurationName = Release;
		};
		67A15F9D21C5129500C3C03F /* Build configuration list for PBXNativeTarget "MusicNotationKit" */ = {
			isa = XCConfigurationList;
			buildConfigurations = (
				67A15F9E21C5129500C3C03F /* Debug */,
				67A15F9F21C5129500C3C03F /* Release */,
			);
			defaultConfigurationIsVisible = 0;
			defaultConfigurationName = Release;
		};
		67A15FA021C5129500C3C03F /* Build configuration list for PBXNativeTarget "MusicNotationKitTests" */ = {
			isa = XCConfigurationList;
			buildConfigurations = (
				67A15FA121C5129500C3C03F /* Debug */,
				67A15FA221C5129500C3C03F /* Release */,
			);
			defaultConfigurationIsVisible = 0;
			defaultConfigurationName = Release;
		};
/* End XCConfigurationList section */
	};
	rootObject = 67A15F8021C5129500C3C03F /* Project object */;
}
