// !$*UTF8*$!
{
	archiveVersion = 1;
	classes = {
	};
	objectVersion = 50;
	objects = {

/* Begin PBXBuildFile section */
		676CC64B25B347E6008F1378 /* AppDelegate.swift in Sources */ = {isa = PBXBuildFile; fileRef = 676CC64A25B347E6008F1378 /* AppDelegate.swift */; };
		676CC64D25B347E6008F1378 /* SceneDelegate.swift in Sources */ = {isa = PBXBuildFile; fileRef = 676CC64C25B347E6008F1378 /* SceneDelegate.swift */; };
		676CC64F25B347E6008F1378 /* ViewController.swift in Sources */ = {isa = PBXBuildFile; fileRef = 676CC64E25B347E6008F1378 /* ViewController.swift */; };
		676CC65225B347E6008F1378 /* Main.storyboard in Resources */ = {isa = PBXBuildFile; fileRef = 676CC65025B347E6008F1378 /* Main.storyboard */; };
		676CC65425B347E9008F1378 /* Assets.xcassets in Resources */ = {isa = PBXBuildFile; fileRef = 676CC65325B347E9008F1378 /* Assets.xcassets */; };
		676CC65725B347E9008F1378 /* LaunchScreen.storyboard in Resources */ = {isa = PBXBuildFile; fileRef = 676CC65525B347E9008F1378 /* LaunchScreen.storyboard */; };
		676CC69225B34933008F1378 /* Settings.swift in Sources */ = {isa = PBXBuildFile; fileRef = 676CC69125B34933008F1378 /* Settings.swift */; };
		676CC69525B34B17008F1378 /* MirrorUI.framework in Frameworks */ = {isa = PBXBuildFile; fileRef = 676CC66525B3484B008F1378 /* MirrorUI.framework */; };
		676CC69625B34B17008F1378 /* MirrorUI.framework in Embed Frameworks */ = {isa = PBXBuildFile; fileRef = 676CC66525B3484B008F1378 /* MirrorUI.framework */; settings = {ATTRIBUTES = (CodeSignOnCopy, RemoveHeadersOnCopy, ); }; };
		678C304A25B34EE80060D708 /* AppDelegate.swift in Sources */ = {isa = PBXBuildFile; fileRef = 678C304925B34EE80060D708 /* AppDelegate.swift */; };
		678C304C25B34EE80060D708 /* ViewController.swift in Sources */ = {isa = PBXBuildFile; fileRef = 678C304B25B34EE80060D708 /* ViewController.swift */; };
		678C304E25B34EEA0060D708 /* Assets.xcassets in Resources */ = {isa = PBXBuildFile; fileRef = 678C304D25B34EEA0060D708 /* Assets.xcassets */; };
		678C305125B34EEA0060D708 /* Main.storyboard in Resources */ = {isa = PBXBuildFile; fileRef = 678C304F25B34EEA0060D708 /* Main.storyboard */; };
		678C305C25B350400060D708 /* MirrorUI.framework in Frameworks */ = {isa = PBXBuildFile; fileRef = 676CC66525B3484B008F1378 /* MirrorUI.framework */; };
		678C305D25B350400060D708 /* MirrorUI.framework in Embed Frameworks */ = {isa = PBXBuildFile; fileRef = 676CC66525B3484B008F1378 /* MirrorUI.framework */; settings = {ATTRIBUTES = (CodeSignOnCopy, RemoveHeadersOnCopy, ); }; };
		678C306525B3528C0060D708 /* Settings.swift in Sources */ = {isa = PBXBuildFile; fileRef = 676CC69125B34933008F1378 /* Settings.swift */; };
/* End PBXBuildFile section */

/* Begin PBXContainerItemProxy section */
		676CC66425B3484B008F1378 /* PBXContainerItemProxy */ = {
			isa = PBXContainerItemProxy;
			containerPortal = 676CC65F25B3484B008F1378 /* MirrorUI.xcodeproj */;
			proxyType = 2;
			remoteGlobalIDString = 676CC62225B34775008F1378;
			remoteInfo = MirrorUI;
		};
		676CC66625B3484B008F1378 /* PBXContainerItemProxy */ = {
			isa = PBXContainerItemProxy;
			containerPortal = 676CC65F25B3484B008F1378 /* MirrorUI.xcodeproj */;
			proxyType = 2;
			remoteGlobalIDString = 676CC62B25B34775008F1378;
			remoteInfo = MirrorUITests;
		};
/* End PBXContainerItemProxy section */

/* Begin PBXCopyFilesBuildPhase section */
		676CC69725B34B17008F1378 /* Embed Frameworks */ = {
			isa = PBXCopyFilesBuildPhase;
			buildActionMask = 2147483647;
			dstPath = "";
			dstSubfolderSpec = 10;
			files = (
				676CC69625B34B17008F1378 /* MirrorUI.framework in Embed Frameworks */,
			);
			name = "Embed Frameworks";
			runOnlyForDeploymentPostprocessing = 0;
		};
		678C305E25B350400060D708 /* Embed Frameworks */ = {
			isa = PBXCopyFilesBuildPhase;
			buildActionMask = 2147483647;
			dstPath = "";
			dstSubfolderSpec = 10;
			files = (
				678C305D25B350400060D708 /* MirrorUI.framework in Embed Frameworks */,
			);
			name = "Embed Frameworks";
			runOnlyForDeploymentPostprocessing = 0;
		};
/* End PBXCopyFilesBuildPhase section */

/* Begin PBXFileReference section */
		676CC64725B347E6008F1378 /* MirrorUIExample.app */ = {isa = PBXFileReference; explicitFileType = wrapper.application; includeInIndex = 0; path = MirrorUIExample.app; sourceTree = BUILT_PRODUCTS_DIR; };
		676CC64A25B347E6008F1378 /* AppDelegate.swift */ = {isa = PBXFileReference; lastKnownFileType = sourcecode.swift; path = AppDelegate.swift; sourceTree = "<group>"; };
		676CC64C25B347E6008F1378 /* SceneDelegate.swift */ = {isa = PBXFileReference; lastKnownFileType = sourcecode.swift; path = SceneDelegate.swift; sourceTree = "<group>"; };
		676CC64E25B347E6008F1378 /* ViewController.swift */ = {isa = PBXFileReference; lastKnownFileType = sourcecode.swift; path = ViewController.swift; sourceTree = "<group>"; };
		676CC65125B347E6008F1378 /* Base */ = {isa = PBXFileReference; lastKnownFileType = file.storyboard; name = Base; path = Base.lproj/Main.storyboard; sourceTree = "<group>"; };
		676CC65325B347E9008F1378 /* Assets.xcassets */ = {isa = PBXFileReference; lastKnownFileType = folder.assetcatalog; path = Assets.xcassets; sourceTree = "<group>"; };
		676CC65625B347E9008F1378 /* Base */ = {isa = PBXFileReference; lastKnownFileType = file.storyboard; name = Base; path = Base.lproj/LaunchScreen.storyboard; sourceTree = "<group>"; };
		676CC65825B347E9008F1378 /* Info.plist */ = {isa = PBXFileReference; lastKnownFileType = text.plist.xml; path = Info.plist; sourceTree = "<group>"; };
		676CC65F25B3484B008F1378 /* MirrorUI.xcodeproj */ = {isa = PBXFileReference; lastKnownFileType = "wrapper.pb-project"; name = MirrorUI.xcodeproj; path = ../MirrorUI/MirrorUI.xcodeproj; sourceTree = "<group>"; };
		676CC69125B34933008F1378 /* Settings.swift */ = {isa = PBXFileReference; fileEncoding = 4; lastKnownFileType = sourcecode.swift; path = Settings.swift; sourceTree = "<group>"; };
		678C304725B34EE80060D708 /* MirrorUIExample_macOS.app */ = {isa = PBXFileReference; explicitFileType = wrapper.application; includeInIndex = 0; path = MirrorUIExample_macOS.app; sourceTree = BUILT_PRODUCTS_DIR; };
		678C304925B34EE80060D708 /* AppDelegate.swift */ = {isa = PBXFileReference; lastKnownFileType = sourcecode.swift; path = AppDelegate.swift; sourceTree = "<group>"; };
		678C304B25B34EE80060D708 /* ViewController.swift */ = {isa = PBXFileReference; lastKnownFileType = sourcecode.swift; path = ViewController.swift; sourceTree = "<group>"; };
		678C304D25B34EEA0060D708 /* Assets.xcassets */ = {isa = PBXFileReference; lastKnownFileType = folder.assetcatalog; path = Assets.xcassets; sourceTree = "<group>"; };
		678C305025B34EEA0060D708 /* Base */ = {isa = PBXFileReference; lastKnownFileType = file.storyboard; name = Base; path = Base.lproj/Main.storyboard; sourceTree = "<group>"; };
		678C305225B34EEA0060D708 /* Info.plist */ = {isa = PBXFileReference; lastKnownFileType = text.plist.xml; path = Info.plist; sourceTree = "<group>"; };
		678C305325B34EEA0060D708 /* MirrorUIExample_macOS.entitlements */ = {isa = PBXFileReference; lastKnownFileType = text.plist.entitlements; path = MirrorUIExample_macOS.entitlements; sourceTree = "<group>"; };
/* End PBXFileReference section */

/* Begin PBXFrameworksBuildPhase section */
		676CC64425B347E6008F1378 /* Frameworks */ = {
			isa = PBXFrameworksBuildPhase;
			buildActionMask = 2147483647;
			files = (
				676CC69525B34B17008F1378 /* MirrorUI.framework in Frameworks */,
			);
			runOnlyForDeploymentPostprocessing = 0;
		};
		678C304425B34EE80060D708 /* Frameworks */ = {
			isa = PBXFrameworksBuildPhase;
			buildActionMask = 2147483647;
			files = (
				678C305C25B350400060D708 /* MirrorUI.framework in Frameworks */,
			);
			runOnlyForDeploymentPostprocessing = 0;
		};
/* End PBXFrameworksBuildPhase section */

/* Begin PBXGroup section */
		676CC63E25B347E6008F1378 = {
			isa = PBXGroup;
			children = (
				676CC65F25B3484B008F1378 /* MirrorUI.xcodeproj */,
				676CC69125B34933008F1378 /* Settings.swift */,
				676CC64925B347E6008F1378 /* MirrorUIExample */,
				678C304825B34EE80060D708 /* MirrorUIExample_macOS */,
				676CC64825B347E6008F1378 /* Products */,
				676CC69425B34B17008F1378 /* Frameworks */,
			);
			sourceTree = "<group>";
		};
		676CC64825B347E6008F1378 /* Products */ = {
			isa = PBXGroup;
			children = (
				676CC64725B347E6008F1378 /* MirrorUIExample.app */,
				678C304725B34EE80060D708 /* MirrorUIExample_macOS.app */,
			);
			name = Products;
			sourceTree = "<group>";
		};
		676CC64925B347E6008F1378 /* MirrorUIExample */ = {
			isa = PBXGroup;
			children = (
				676CC64A25B347E6008F1378 /* AppDelegate.swift */,
				676CC64C25B347E6008F1378 /* SceneDelegate.swift */,
				676CC64E25B347E6008F1378 /* ViewController.swift */,
				676CC65025B347E6008F1378 /* Main.storyboard */,
				676CC65325B347E9008F1378 /* Assets.xcassets */,
				676CC65525B347E9008F1378 /* LaunchScreen.storyboard */,
				676CC65825B347E9008F1378 /* Info.plist */,
			);
			path = MirrorUIExample;
			sourceTree = "<group>";
		};
		676CC66025B3484B008F1378 /* Products */ = {
			isa = PBXGroup;
			children = (
				676CC66525B3484B008F1378 /* MirrorUI.framework */,
				676CC66725B3484B008F1378 /* MirrorUITests.xctest */,
			);
			name = Products;
			sourceTree = "<group>";
		};
		676CC69425B34B17008F1378 /* Frameworks */ = {
			isa = PBXGroup;
			children = (
			);
			name = Frameworks;
			sourceTree = "<group>";
		};
		678C304825B34EE80060D708 /* MirrorUIExample_macOS */ = {
			isa = PBXGroup;
			children = (
				678C304925B34EE80060D708 /* AppDelegate.swift */,
				678C304B25B34EE80060D708 /* ViewController.swift */,
				678C304D25B34EEA0060D708 /* Assets.xcassets */,
				678C304F25B34EEA0060D708 /* Main.storyboard */,
				678C305225B34EEA0060D708 /* Info.plist */,
				678C305325B34EEA0060D708 /* MirrorUIExample_macOS.entitlements */,
			);
			path = MirrorUIExample_macOS;
			sourceTree = "<group>";
		};
/* End PBXGroup section */

/* Begin PBXNativeTarget section */
		676CC64625B347E6008F1378 /* MirrorUIExample */ = {
			isa = PBXNativeTarget;
			buildConfigurationList = 676CC65B25B347E9008F1378 /* Build configuration list for PBXNativeTarget "MirrorUIExample" */;
			buildPhases = (
				676CC64325B347E6008F1378 /* Sources */,
				676CC64425B347E6008F1378 /* Frameworks */,
				676CC64525B347E6008F1378 /* Resources */,
				676CC69725B34B17008F1378 /* Embed Frameworks */,
			);
			buildRules = (
			);
			dependencies = (
			);
			name = MirrorUIExample;
			productName = MirrorUIExample;
			productReference = 676CC64725B347E6008F1378 /* MirrorUIExample.app */;
			productType = "com.apple.product-type.application";
		};
		678C304625B34EE80060D708 /* MirrorUIExample_macOS */ = {
			isa = PBXNativeTarget;
			buildConfigurationList = 678C305825B34EEA0060D708 /* Build configuration list for PBXNativeTarget "MirrorUIExample_macOS" */;
			buildPhases = (
				678C304325B34EE80060D708 /* Sources */,
				678C304425B34EE80060D708 /* Frameworks */,
				678C304525B34EE80060D708 /* Resources */,
				678C305E25B350400060D708 /* Embed Frameworks */,
			);
			buildRules = (
			);
			dependencies = (
			);
			name = MirrorUIExample_macOS;
			productName = MirrorUIExample_macOS;
			productReference = 678C304725B34EE80060D708 /* MirrorUIExample_macOS.app */;
			productType = "com.apple.product-type.application";
		};
/* End PBXNativeTarget section */

/* Begin PBXProject section */
		676CC63F25B347E6008F1378 /* Project object */ = {
			isa = PBXProject;
			attributes = {
				LastSwiftUpdateCheck = 1220;
				LastUpgradeCheck = 1220;
				TargetAttributes = {
					676CC64625B347E6008F1378 = {
						CreatedOnToolsVersion = 12.2;
					};
					678C304625B34EE80060D708 = {
						CreatedOnToolsVersion = 12.2;
					};
				};
			};
			buildConfigurationList = 676CC64225B347E6008F1378 /* Build configuration list for PBXProject "MirrorUIExample" */;
			compatibilityVersion = "Xcode 9.3";
			developmentRegion = en;
			hasScannedForEncodings = 0;
			knownRegions = (
				en,
				Base,
			);
			mainGroup = 676CC63E25B347E6008F1378;
			productRefGroup = 676CC64825B347E6008F1378 /* Products */;
			projectDirPath = "";
			projectReferences = (
				{
					ProductGroup = 676CC66025B3484B008F1378 /* Products */;
					ProjectRef = 676CC65F25B3484B008F1378 /* MirrorUI.xcodeproj */;
				},
			);
			projectRoot = "";
			targets = (
				676CC64625B347E6008F1378 /* MirrorUIExample */,
				678C304625B34EE80060D708 /* MirrorUIExample_macOS */,
			);
		};
/* End PBXProject section */

/* Begin PBXReferenceProxy section */
		676CC66525B3484B008F1378 /* MirrorUI.framework */ = {
			isa = PBXReferenceProxy;
			fileType = wrapper.framework;
			path = MirrorUI.framework;
			remoteRef = 676CC66425B3484B008F1378 /* PBXContainerItemProxy */;
			sourceTree = BUILT_PRODUCTS_DIR;
		};
		676CC66725B3484B008F1378 /* MirrorUITests.xctest */ = {
			isa = PBXReferenceProxy;
			fileType = wrapper.cfbundle;
			path = MirrorUITests.xctest;
			remoteRef = 676CC66625B3484B008F1378 /* PBXContainerItemProxy */;
			sourceTree = BUILT_PRODUCTS_DIR;
		};
/* End PBXReferenceProxy section */

/* Begin PBXResourcesBuildPhase section */
		676CC64525B347E6008F1378 /* Resources */ = {
			isa = PBXResourcesBuildPhase;
			buildActionMask = 2147483647;
			files = (
				676CC65725B347E9008F1378 /* LaunchScreen.storyboard in Resources */,
				676CC65425B347E9008F1378 /* Assets.xcassets in Resources */,
				676CC65225B347E6008F1378 /* Main.storyboard in Resources */,
			);
			runOnlyForDeploymentPostprocessing = 0;
		};
		678C304525B34EE80060D708 /* Resources */ = {
			isa = PBXResourcesBuildPhase;
			buildActionMask = 2147483647;
			files = (
				678C304E25B34EEA0060D708 /* Assets.xcassets in Resources */,
				678C305125B34EEA0060D708 /* Main.storyboard in Resources */,
			);
			runOnlyForDeploymentPostprocessing = 0;
		};
/* End PBXResourcesBuildPhase section */

/* Begin PBXSourcesBuildPhase section */
		676CC64325B347E6008F1378 /* Sources */ = {
			isa = PBXSourcesBuildPhase;
			buildActionMask = 2147483647;
			files = (
				676CC64F25B347E6008F1378 /* ViewController.swift in Sources */,
				676CC64B25B347E6008F1378 /* AppDelegate.swift in Sources */,
				676CC69225B34933008F1378 /* Settings.swift in Sources */,
				676CC64D25B347E6008F1378 /* SceneDelegate.swift in Sources */,
			);
			runOnlyForDeploymentPostprocessing = 0;
		};
		678C304325B34EE80060D708 /* Sources */ = {
			isa = PBXSourcesBuildPhase;
			buildActionMask = 2147483647;
			files = (
				678C306525B3528C0060D708 /* Settings.swift in Sources */,
				678C304C25B34EE80060D708 /* ViewController.swift in Sources */,
				678C304A25B34EE80060D708 /* AppDelegate.swift in Sources */,
			);
			runOnlyForDeploymentPostprocessing = 0;
		};
/* End PBXSourcesBuildPhase section */

/* Begin PBXVariantGroup section */
		676CC65025B347E6008F1378 /* Main.storyboard */ = {
			isa = PBXVariantGroup;
			children = (
				676CC65125B347E6008F1378 /* Base */,
			);
			name = Main.storyboard;
			sourceTree = "<group>";
		};
		676CC65525B347E9008F1378 /* LaunchScreen.storyboard */ = {
			isa = PBXVariantGroup;
			children = (
				676CC65625B347E9008F1378 /* Base */,
			);
			name = LaunchScreen.storyboard;
			sourceTree = "<group>";
		};
		678C304F25B34EEA0060D708 /* Main.storyboard */ = {
			isa = PBXVariantGroup;
			children = (
				678C305025B34EEA0060D708 /* Base */,
			);
			name = Main.storyboard;
			sourceTree = "<group>";
		};
/* End PBXVariantGroup section */

/* Begin XCBuildConfiguration section */
		676CC65925B347E9008F1378 /* Debug */ = {
			isa = XCBuildConfiguration;
			buildSettings = {
				ALWAYS_SEARCH_USER_PATHS = NO;
				CLANG_ANALYZER_NONNULL = YES;
				CLANG_ANALYZER_NUMBER_OBJECT_CONVERSION = YES_AGGRESSIVE;
				CLANG_CXX_LANGUAGE_STANDARD = "gnu++14";
				CLANG_CXX_LIBRARY = "libc++";
				CLANG_ENABLE_MODULES = YES;
				CLANG_ENABLE_OBJC_ARC = YES;
				CLANG_ENABLE_OBJC_WEAK = YES;
				CLANG_WARN_BLOCK_CAPTURE_AUTORELEASING = YES;
				CLANG_WARN_BOOL_CONVERSION = YES;
				CLANG_WARN_COMMA = YES;
				CLANG_WARN_CONSTANT_CONVERSION = YES;
				CLANG_WARN_DEPRECATED_OBJC_IMPLEMENTATIONS = YES;
				CLANG_WARN_DIRECT_OBJC_ISA_USAGE = YES_ERROR;
				CLANG_WARN_DOCUMENTATION_COMMENTS = YES;
				CLANG_WARN_EMPTY_BODY = YES;
				CLANG_WARN_ENUM_CONVERSION = YES;
				CLANG_WARN_INFINITE_RECURSION = YES;
				CLANG_WARN_INT_CONVERSION = YES;
				CLANG_WARN_NON_LITERAL_NULL_CONVERSION = YES;
				CLANG_WARN_OBJC_IMPLICIT_RETAIN_SELF = YES;
				CLANG_WARN_OBJC_LITERAL_CONVERSION = YES;
				CLANG_WARN_OBJC_ROOT_CLASS = YES_ERROR;
				CLANG_WARN_QUOTED_INCLUDE_IN_FRAMEWORK_HEADER = YES;
				CLANG_WARN_RANGE_LOOP_ANALYSIS = YES;
				CLANG_WARN_STRICT_PROTOTYPES = YES;
				CLANG_WARN_SUSPICIOUS_MOVE = YES;
				CLANG_WARN_UNGUARDED_AVAILABILITY = YES_AGGRESSIVE;
				CLANG_WARN_UNREACHABLE_CODE = YES;
				CLANG_WARN__DUPLICATE_METHOD_MATCH = YES;
				COPY_PHASE_STRIP = NO;
				DEBUG_INFORMATION_FORMAT = dwarf;
				ENABLE_STRICT_OBJC_MSGSEND = YES;
				ENABLE_TESTABILITY = YES;
				GCC_C_LANGUAGE_STANDARD = gnu11;
				GCC_DYNAMIC_NO_PIC = NO;
				GCC_NO_COMMON_BLOCKS = YES;
				GCC_OPTIMIZATION_LEVEL = 0;
				GCC_PREPROCESSOR_DEFINITIONS = (
					"DEBUG=1",
					"$(inherited)",
				);
				GCC_WARN_64_TO_32_BIT_CONVERSION = YES;
				GCC_WARN_ABOUT_RETURN_TYPE = YES_ERROR;
				GCC_WARN_UNDECLARED_SELECTOR = YES;
				GCC_WARN_UNINITIALIZED_AUTOS = YES_AGGRESSIVE;
				GCC_WARN_UNUSED_FUNCTION = YES;
				GCC_WARN_UNUSED_VARIABLE = YES;
				IPHONEOS_DEPLOYMENT_TARGET = 14.2;
				MTL_ENABLE_DEBUG_INFO = INCLUDE_SOURCE;
				MTL_FAST_MATH = YES;
				ONLY_ACTIVE_ARCH = YES;
				SDKROOT = iphoneos;
				SWIFT_ACTIVE_COMPILATION_CONDITIONS = DEBUG;
				SWIFT_OPTIMIZATION_LEVEL = "-Onone";
			};
			name = Debug;
		};
		676CC65A25B347E9008F1378 /* Release */ = {
			isa = XCBuildConfiguration;
			buildSettings = {
				ALWAYS_SEARCH_USER_PATHS = NO;
				CLANG_ANALYZER_NONNULL = YES;
				CLANG_ANALYZER_NUMBER_OBJECT_CONVERSION = YES_AGGRESSIVE;
				CLANG_CXX_LANGUAGE_STANDARD = "gnu++14";
				CLANG_CXX_LIBRARY = "libc++";
				CLANG_ENABLE_MODULES = YES;
				CLANG_ENABLE_OBJC_ARC = YES;
				CLANG_ENABLE_OBJC_WEAK = YES;
				CLANG_WARN_BLOCK_CAPTURE_AUTORELEASING = YES;
				CLANG_WARN_BOOL_CONVERSION = YES;
				CLANG_WARN_COMMA = YES;
				CLANG_WARN_CONSTANT_CONVERSION = YES;
				CLANG_WARN_DEPRECATED_OBJC_IMPLEMENTATIONS = YES;
				CLANG_WARN_DIRECT_OBJC_ISA_USAGE = YES_ERROR;
				CLANG_WARN_DOCUMENTATION_COMMENTS = YES;
				CLANG_WARN_EMPTY_BODY = YES;
				CLANG_WARN_ENUM_CONVERSION = YES;
				CLANG_WARN_INFINITE_RECURSION = YES;
				CLANG_WARN_INT_CONVERSION = YES;
				CLANG_WARN_NON_LITERAL_NULL_CONVERSION = YES;
				CLANG_WARN_OBJC_IMPLICIT_RETAIN_SELF = YES;
				CLANG_WARN_OBJC_LITERAL_CONVERSION = YES;
				CLANG_WARN_OBJC_ROOT_CLASS = YES_ERROR;
				CLANG_WARN_QUOTED_INCLUDE_IN_FRAMEWORK_HEADER = YES;
				CLANG_WARN_RANGE_LOOP_ANALYSIS = YES;
				CLANG_WARN_STRICT_PROTOTYPES = YES;
				CLANG_WARN_SUSPICIOUS_MOVE = YES;
				CLANG_WARN_UNGUARDED_AVAILABILITY = YES_AGGRESSIVE;
				CLANG_WARN_UNREACHABLE_CODE = YES;
				CLANG_WARN__DUPLICATE_METHOD_MATCH = YES;
				COPY_PHASE_STRIP = NO;
				DEBUG_INFORMATION_FORMAT = "dwarf-with-dsym";
				ENABLE_NS_ASSERTIONS = NO;
				ENABLE_STRICT_OBJC_MSGSEND = YES;
				GCC_C_LANGUAGE_STANDARD = gnu11;
				GCC_NO_COMMON_BLOCKS = YES;
				GCC_WARN_64_TO_32_BIT_CONVERSION = YES;
				GCC_WARN_ABOUT_RETURN_TYPE = YES_ERROR;
				GCC_WARN_UNDECLARED_SELECTOR = YES;
				GCC_WARN_UNINITIALIZED_AUTOS = YES_AGGRESSIVE;
				GCC_WARN_UNUSED_FUNCTION = YES;
				GCC_WARN_UNUSED_VARIABLE = YES;
				IPHONEOS_DEPLOYMENT_TARGET = 14.2;
				MTL_ENABLE_DEBUG_INFO = NO;
				MTL_FAST_MATH = YES;
				SDKROOT = iphoneos;
				SWIFT_COMPILATION_MODE = wholemodule;
				SWIFT_OPTIMIZATION_LEVEL = "-O";
				VALIDATE_PRODUCT = YES;
			};
			name = Release;
		};
		676CC65C25B347E9008F1378 /* Debug */ = {
			isa = XCBuildConfiguration;
			buildSettings = {
				ASSETCATALOG_COMPILER_APPICON_NAME = AppIcon;
				ASSETCATALOG_COMPILER_GLOBAL_ACCENT_COLOR_NAME = AccentColor;
				CODE_SIGN_STYLE = Automatic;
				DEVELOPMENT_TEAM = VAA3W4LPY2;
				INFOPLIST_FILE = MirrorUIExample/Info.plist;
				LD_RUNPATH_SEARCH_PATHS = (
					"$(inherited)",
					"@executable_path/Frameworks",
				);
				PRODUCT_BUNDLE_IDENTIFIER = com.stevebarnegren.MirrorUIExample;
				PRODUCT_NAME = "$(TARGET_NAME)";
				SWIFT_VERSION = 5.0;
				TARGETED_DEVICE_FAMILY = "1,2";
			};
			name = Debug;
		};
		676CC65D25B347E9008F1378 /* Release */ = {
			isa = XCBuildConfiguration;
			buildSettings = {
				ASSETCATALOG_COMPILER_APPICON_NAME = AppIcon;
				ASSETCATALOG_COMPILER_GLOBAL_ACCENT_COLOR_NAME = AccentColor;
				CODE_SIGN_STYLE = Automatic;
				DEVELOPMENT_TEAM = VAA3W4LPY2;
				INFOPLIST_FILE = MirrorUIExample/Info.plist;
				LD_RUNPATH_SEARCH_PATHS = (
					"$(inherited)",
					"@executable_path/Frameworks",
				);
				PRODUCT_BUNDLE_IDENTIFIER = com.stevebarnegren.MirrorUIExample;
				PRODUCT_NAME = "$(TARGET_NAME)";
				SWIFT_VERSION = 5.0;
				TARGETED_DEVICE_FAMILY = "1,2";
			};
			name = Release;
		};
		678C305425B34EEA0060D708 /* Debug */ = {
			isa = XCBuildConfiguration;
			buildSettings = {
				ASSETCATALOG_COMPILER_APPICON_NAME = AppIcon;
				ASSETCATALOG_COMPILER_GLOBAL_ACCENT_COLOR_NAME = AccentColor;
				CODE_SIGN_ENTITLEMENTS = MirrorUIExample_macOS/MirrorUIExample_macOS.entitlements;
				CODE_SIGN_STYLE = Automatic;
				COMBINE_HIDPI_IMAGES = YES;
				DEVELOPMENT_TEAM = VAA3W4LPY2;
				ENABLE_HARDENED_RUNTIME = YES;
				INFOPLIST_FILE = MirrorUIExample_macOS/Info.plist;
				LD_RUNPATH_SEARCH_PATHS = (
					"$(inherited)",
					"@executable_path/../Frameworks",
				);
				MACOSX_DEPLOYMENT_TARGET = 10.15;
				PRODUCT_BUNDLE_IDENTIFIER = "com.stevebarnegren.MirrorUIExample-macOS";
				PRODUCT_NAME = "$(TARGET_NAME)";
				SDKROOT = macosx;
				SWIFT_VERSION = 5.0;
			};
			name = Debug;
		};
		678C305525B34EEA0060D708 /* Release */ = {
			isa = XCBuildConfiguration;
			buildSettings = {
				ASSETCATALOG_COMPILER_APPICON_NAME = AppIcon;
				ASSETCATALOG_COMPILER_GLOBAL_ACCENT_COLOR_NAME = AccentColor;
				CODE_SIGN_ENTITLEMENTS = MirrorUIExample_macOS/MirrorUIExample_macOS.entitlements;
				CODE_SIGN_STYLE = Automatic;
				COMBINE_HIDPI_IMAGES = YES;
				DEVELOPMENT_TEAM = VAA3W4LPY2;
				ENABLE_HARDENED_RUNTIME = YES;
				INFOPLIST_FILE = MirrorUIExample_macOS/Info.plist;
				LD_RUNPATH_SEARCH_PATHS = (
					"$(inherited)",
					"@executable_path/../Frameworks",
				);
				MACOSX_DEPLOYMENT_TARGET = 10.15;
				PRODUCT_BUNDLE_IDENTIFIER = "com.stevebarnegren.MirrorUIExample-macOS";
				PRODUCT_NAME = "$(TARGET_NAME)";
				SDKROOT = macosx;
				SWIFT_VERSION = 5.0;
			};
			name = Release;
		};
/* End XCBuildConfiguration section */

/* Begin XCConfigurationList section */
		676CC64225B347E6008F1378 /* Build configuration list for PBXProject "MirrorUIExample" */ = {
			isa = XCConfigurationList;
			buildConfigurations = (
				676CC65925B347E9008F1378 /* Debug */,
				676CC65A25B347E9008F1378 /* Release */,
			);
			defaultConfigurationIsVisible = 0;
			defaultConfigurationName = Release;
		};
		676CC65B25B347E9008F1378 /* Build configuration list for PBXNativeTarget "MirrorUIExample" */ = {
			isa = XCConfigurationList;
			buildConfigurations = (
				676CC65C25B347E9008F1378 /* Debug */,
				676CC65D25B347E9008F1378 /* Release */,
			);
			defaultConfigurationIsVisible = 0;
			defaultConfigurationName = Release;
		};
		678C305825B34EEA0060D708 /* Build configuration list for PBXNativeTarget "MirrorUIExample_macOS" */ = {
			isa = XCConfigurationList;
			buildConfigurations = (
				678C305425B34EEA0060D708 /* Debug */,
				678C305525B34EEA0060D708 /* Release */,
			);
			defaultConfigurationIsVisible = 0;
			defaultConfigurationName = Release;
		};
/* End XCConfigurationList section */
	};
	rootObject = 676CC63F25B347E6008F1378 /* Project object */;
}
