// !$*UTF8*$!
{
	archiveVersion = 1;
	classes = {
	};
	objectVersion = 50;
	objects = {

/* Begin PBXBuildFile section */
		672FA3C021CF8F0F002ECDD6 /* GridOverlayView.swift in Sources */ = {isa = PBXBuildFile; fileRef = 672FA3BF21CF8F0F002ECDD6 /* GridOverlayView.swift */; };
		6746320F2252A291007626D0 /* MusicNotationKit.framework in Embed Frameworks */ = {isa = PBXBuildFile; fileRef = 677C9C7721C515DC00C7A16E /* MusicNotationKit.framework */; settings = {ATTRIBUTES = (CodeSignOnCopy, RemoveHeadersOnCopy, ); }; };
		676BB600233676D000EA9F9C /* MusicExampleViewController.swift in Sources */ = {isa = PBXBuildFile; fileRef = 676BB5FE233676D000EA9F9C /* MusicExampleViewController.swift */; };
		676BB601233676D000EA9F9C /* MusicExampleViewController.xib in Resources */ = {isa = PBXBuildFile; fileRef = 676BB5FF233676D000EA9F9C /* MusicExampleViewController.xib */; };
		677C9C6021C5158C00C7A16E /* AppDelegate.swift in Sources */ = {isa = PBXBuildFile; fileRef = 677C9C5F21C5158C00C7A16E /* AppDelegate.swift */; };
		677C9C6221C5158C00C7A16E /* ViewController.swift in Sources */ = {isa = PBXBuildFile; fileRef = 677C9C6121C5158C00C7A16E /* ViewController.swift */; };
		677C9C6521C5158C00C7A16E /* Main.storyboard in Resources */ = {isa = PBXBuildFile; fileRef = 677C9C6321C5158C00C7A16E /* Main.storyboard */; };
		677C9C6721C5158D00C7A16E /* Assets.xcassets in Resources */ = {isa = PBXBuildFile; fileRef = 677C9C6621C5158D00C7A16E /* Assets.xcassets */; };
		677C9C6A21C5158D00C7A16E /* LaunchScreen.storyboard in Resources */ = {isa = PBXBuildFile; fileRef = 677C9C6821C5158D00C7A16E /* LaunchScreen.storyboard */; };
		677C9C7D21C515FE00C7A16E /* MusicNotationKit.framework in Frameworks */ = {isa = PBXBuildFile; fileRef = 677C9C7721C515DC00C7A16E /* MusicNotationKit.framework */; };
		677F34BF2427789900507156 /* ComponentsMenuViewController.swift in Sources */ = {isa = PBXBuildFile; fileRef = 677F34BE2427789900507156 /* ComponentsMenuViewController.swift */; };
		677F34C12427E48300507156 /* Deeplink.swift in Sources */ = {isa = PBXBuildFile; fileRef = 677F34C02427E48300507156 /* Deeplink.swift */; };
		679A2EF8234A59A200E157C8 /* TestComposition.swift in Sources */ = {isa = PBXBuildFile; fileRef = 679A2EF7234A59A200E157C8 /* TestComposition.swift */; };
		67BB96A4233677C200119953 /* MenuViewController.swift in Sources */ = {isa = PBXBuildFile; fileRef = 67BB96A2233677C200119953 /* MenuViewController.swift */; };
		67BB96A5233677C200119953 /* MenuViewController.xib in Resources */ = {isa = PBXBuildFile; fileRef = 67BB96A3233677C200119953 /* MenuViewController.xib */; };
		67BB96A923367A0000119953 /* ScrollingMusicExampleViewController.swift in Sources */ = {isa = PBXBuildFile; fileRef = 67BB96A723367A0000119953 /* ScrollingMusicExampleViewController.swift */; };
		67BB96AA23367A0000119953 /* ScrollingMusicExampleViewController.xib in Resources */ = {isa = PBXBuildFile; fileRef = 67BB96A823367A0000119953 /* ScrollingMusicExampleViewController.xib */; };
		67BB96B02336805C00119953 /* ExampleCompositions.swift in Sources */ = {isa = PBXBuildFile; fileRef = 67BB96AF2336805C00119953 /* ExampleCompositions.swift */; };
		67C3B01723D1017500149857 /* PopupControls.framework in Frameworks */ = {isa = PBXBuildFile; fileRef = 67C3B01623D1017500149857 /* PopupControls.framework */; };
/* End PBXBuildFile section */

/* Begin PBXContainerItemProxy section */
		674632102252A291007626D0 /* PBXContainerItemProxy */ = {
			isa = PBXContainerItemProxy;
			containerPortal = 677C9C7121C515DC00C7A16E /* MusicNotationKit.xcodeproj */;
			proxyType = 1;
			remoteGlobalIDString = 67A15F8821C5129500C3C03F;
			remoteInfo = MusicNotationKit;
		};
		677C9C7621C515DC00C7A16E /* PBXContainerItemProxy */ = {
			isa = PBXContainerItemProxy;
			containerPortal = 677C9C7121C515DC00C7A16E /* MusicNotationKit.xcodeproj */;
			proxyType = 2;
			remoteGlobalIDString = 67A15F8921C5129500C3C03F;
			remoteInfo = MusicNotationKit;
		};
		677C9C7821C515DC00C7A16E /* PBXContainerItemProxy */ = {
			isa = PBXContainerItemProxy;
			containerPortal = 677C9C7121C515DC00C7A16E /* MusicNotationKit.xcodeproj */;
			proxyType = 2;
			remoteGlobalIDString = 67A15F9221C5129500C3C03F;
			remoteInfo = MusicNotationKitTests;
		};
		677C9C7A21C515F500C7A16E /* PBXContainerItemProxy */ = {
			isa = PBXContainerItemProxy;
			containerPortal = 677C9C7121C515DC00C7A16E /* MusicNotationKit.xcodeproj */;
			proxyType = 1;
			remoteGlobalIDString = 67A15F8821C5129500C3C03F;
			remoteInfo = MusicNotationKit;
		};
/* End PBXContainerItemProxy section */

/* Begin PBXCopyFilesBuildPhase section */
		674632122252A292007626D0 /* Embed Frameworks */ = {
			isa = PBXCopyFilesBuildPhase;
			buildActionMask = 2147483647;
			dstPath = "";
			dstSubfolderSpec = 10;
			files = (
				6746320F2252A291007626D0 /* MusicNotationKit.framework in Embed Frameworks */,
			);
			name = "Embed Frameworks";
			runOnlyForDeploymentPostprocessing = 0;
		};
/* End PBXCopyFilesBuildPhase section */

/* Begin PBXFileReference section */
		672FA3BF21CF8F0F002ECDD6 /* GridOverlayView.swift */ = {isa = PBXFileReference; lastKnownFileType = sourcecode.swift; path = GridOverlayView.swift; sourceTree = "<group>"; };
		676BB5FE233676D000EA9F9C /* MusicExampleViewController.swift */ = {isa = PBXFileReference; lastKnownFileType = sourcecode.swift; path = MusicExampleViewController.swift; sourceTree = "<group>"; };
		676BB5FF233676D000EA9F9C /* MusicExampleViewController.xib */ = {isa = PBXFileReference; lastKnownFileType = file.xib; path = MusicExampleViewController.xib; sourceTree = "<group>"; };
		677C9C5C21C5158C00C7A16E /* Example.app */ = {isa = PBXFileReference; explicitFileType = wrapper.application; includeInIndex = 0; path = Example.app; sourceTree = BUILT_PRODUCTS_DIR; };
		677C9C5F21C5158C00C7A16E /* AppDelegate.swift */ = {isa = PBXFileReference; lastKnownFileType = sourcecode.swift; path = AppDelegate.swift; sourceTree = "<group>"; };
		677C9C6121C5158C00C7A16E /* ViewController.swift */ = {isa = PBXFileReference; lastKnownFileType = sourcecode.swift; path = ViewController.swift; sourceTree = "<group>"; };
		677C9C6421C5158C00C7A16E /* Base */ = {isa = PBXFileReference; lastKnownFileType = file.storyboard; name = Base; path = Base.lproj/Main.storyboard; sourceTree = "<group>"; };
		677C9C6621C5158D00C7A16E /* Assets.xcassets */ = {isa = PBXFileReference; lastKnownFileType = folder.assetcatalog; path = Assets.xcassets; sourceTree = "<group>"; };
		677C9C6921C5158D00C7A16E /* Base */ = {isa = PBXFileReference; lastKnownFileType = file.storyboard; name = Base; path = Base.lproj/LaunchScreen.storyboard; sourceTree = "<group>"; };
		677C9C6B21C5158D00C7A16E /* Info.plist */ = {isa = PBXFileReference; lastKnownFileType = text.plist.xml; path = Info.plist; sourceTree = "<group>"; };
		677C9C7121C515DC00C7A16E /* MusicNotationKit.xcodeproj */ = {isa = PBXFileReference; lastKnownFileType = "wrapper.pb-project"; name = MusicNotationKit.xcodeproj; path = ../../MusicNotationKit/MusicNotationKit.xcodeproj; sourceTree = "<group>"; };
		677F34BE2427789900507156 /* ComponentsMenuViewController.swift */ = {isa = PBXFileReference; lastKnownFileType = sourcecode.swift; path = ComponentsMenuViewController.swift; sourceTree = "<group>"; };
		677F34C02427E48300507156 /* Deeplink.swift */ = {isa = PBXFileReference; lastKnownFileType = sourcecode.swift; path = Deeplink.swift; sourceTree = "<group>"; };
		679A2EF7234A59A200E157C8 /* TestComposition.swift */ = {isa = PBXFileReference; lastKnownFileType = sourcecode.swift; path = TestComposition.swift; sourceTree = "<group>"; };
		67BB96A2233677C200119953 /* MenuViewController.swift */ = {isa = PBXFileReference; lastKnownFileType = sourcecode.swift; path = MenuViewController.swift; sourceTree = "<group>"; };
		67BB96A3233677C200119953 /* MenuViewController.xib */ = {isa = PBXFileReference; lastKnownFileType = file.xib; path = MenuViewController.xib; sourceTree = "<group>"; };
		67BB96A723367A0000119953 /* ScrollingMusicExampleViewController.swift */ = {isa = PBXFileReference; lastKnownFileType = sourcecode.swift; path = ScrollingMusicExampleViewController.swift; sourceTree = "<group>"; };
		67BB96A823367A0000119953 /* ScrollingMusicExampleViewController.xib */ = {isa = PBXFileReference; lastKnownFileType = file.xib; path = ScrollingMusicExampleViewController.xib; sourceTree = "<group>"; };
		67BB96AF2336805C00119953 /* ExampleCompositions.swift */ = {isa = PBXFileReference; lastKnownFileType = sourcecode.swift; path = ExampleCompositions.swift; sourceTree = "<group>"; };
		67C3B01623D1017500149857 /* PopupControls.framework */ = {isa = PBXFileReference; lastKnownFileType = wrapper.framework; name = PopupControls.framework; path = Carthage/Build/iOS/PopupControls.framework; sourceTree = SOURCE_ROOT; };
/* End PBXFileReference section */

/* Begin PBXFrameworksBuildPhase section */
		677C9C5921C5158C00C7A16E /* Frameworks */ = {
			isa = PBXFrameworksBuildPhase;
			buildActionMask = 2147483647;
			files = (
				677C9C7D21C515FE00C7A16E /* MusicNotationKit.framework in Frameworks */,
				67C3B01723D1017500149857 /* PopupControls.framework in Frameworks */,
			);
			runOnlyForDeploymentPostprocessing = 0;
		};
/* End PBXFrameworksBuildPhase section */

/* Begin PBXGroup section */
		676BB603233676D400EA9F9C /* Music Example */ = {
			isa = PBXGroup;
			children = (
				676BB5FE233676D000EA9F9C /* MusicExampleViewController.swift */,
				676BB5FF233676D000EA9F9C /* MusicExampleViewController.xib */,
			);
			path = "Music Example";
			sourceTree = "<group>";
		};
		677C9C5321C5158B00C7A16E = {
			isa = PBXGroup;
			children = (
				677C9C5E21C5158C00C7A16E /* Example */,
				677C9C5D21C5158C00C7A16E /* Products */,
				677C9C7C21C515FE00C7A16E /* Frameworks */,
			);
			sourceTree = "<group>";
		};
		677C9C5D21C5158C00C7A16E /* Products */ = {
			isa = PBXGroup;
			children = (
				677C9C5C21C5158C00C7A16E /* Example.app */,
			);
			name = Products;
			sourceTree = "<group>";
		};
		677C9C5E21C5158C00C7A16E /* Example */ = {
			isa = PBXGroup;
			children = (
				677C9C7121C515DC00C7A16E /* MusicNotationKit.xcodeproj */,
				677C9C5F21C5158C00C7A16E /* AppDelegate.swift */,
				677F34C02427E48300507156 /* Deeplink.swift */,
				67BB96A2233677C200119953 /* MenuViewController.swift */,
				67BB96A3233677C200119953 /* MenuViewController.xib */,
				67BB96AE2336803900119953 /* Compositions */,
				676BB603233676D400EA9F9C /* Music Example */,
				67BB96A6233679E200119953 /* Scrolling Music Example */,
				677F34BC2427786B00507156 /* Components Menu */,
				672FA3BF21CF8F0F002ECDD6 /* GridOverlayView.swift */,
				677C9C6121C5158C00C7A16E /* ViewController.swift */,
				677C9C6321C5158C00C7A16E /* Main.storyboard */,
				677C9C6621C5158D00C7A16E /* Assets.xcassets */,
				677C9C6821C5158D00C7A16E /* LaunchScreen.storyboard */,
				677C9C6B21C5158D00C7A16E /* Info.plist */,
				67C3B01423D1015900149857 /* Frameworks */,
			);
			path = Example;
			sourceTree = "<group>";
		};
		677C9C7221C515DC00C7A16E /* Products */ = {
			isa = PBXGroup;
			children = (
				677C9C7721C515DC00C7A16E /* MusicNotationKit.framework */,
				677C9C7921C515DC00C7A16E /* MusicNotationKitTests.xctest */,
			);
			name = Products;
			sourceTree = "<group>";
		};
		677C9C7C21C515FE00C7A16E /* Frameworks */ = {
			isa = PBXGroup;
			children = (
			);
			name = Frameworks;
			sourceTree = "<group>";
		};
		677F34BC2427786B00507156 /* Components Menu */ = {
			isa = PBXGroup;
			children = (
				677F34BE2427789900507156 /* ComponentsMenuViewController.swift */,
			);
			path = "Components Menu";
			sourceTree = "<group>";
		};
		67BB96A6233679E200119953 /* Scrolling Music Example */ = {
			isa = PBXGroup;
			children = (
				67BB96A723367A0000119953 /* ScrollingMusicExampleViewController.swift */,
				67BB96A823367A0000119953 /* ScrollingMusicExampleViewController.xib */,
			);
			path = "Scrolling Music Example";
			sourceTree = "<group>";
		};
		67BB96AE2336803900119953 /* Compositions */ = {
			isa = PBXGroup;
			children = (
				67BB96AF2336805C00119953 /* ExampleCompositions.swift */,
				679A2EF7234A59A200E157C8 /* TestComposition.swift */,
			);
			path = Compositions;
			sourceTree = "<group>";
		};
		67C3B01423D1015900149857 /* Frameworks */ = {
			isa = PBXGroup;
			children = (
				67C3B01623D1017500149857 /* PopupControls.framework */,
			);
			path = Frameworks;
			sourceTree = "<group>";
		};
/* End PBXGroup section */

/* Begin PBXNativeTarget section */
		677C9C5B21C5158C00C7A16E /* Example */ = {
			isa = PBXNativeTarget;
			buildConfigurationList = 677C9C6E21C5158D00C7A16E /* Build configuration list for PBXNativeTarget "Example" */;
			buildPhases = (
				677C9C5821C5158C00C7A16E /* Sources */,
				673A3D282343E26A001CE422 /* SwiftLint */,
				677C9C5921C5158C00C7A16E /* Frameworks */,
				677C9C5A21C5158C00C7A16E /* Resources */,
				67C3B01A23D1031700149857 /* Copy Frameworks */,
				674632122252A292007626D0 /* Embed Frameworks */,
			);
			buildRules = (
			);
			dependencies = (
				677C9C7B21C515F500C7A16E /* PBXTargetDependency */,
				674632112252A291007626D0 /* PBXTargetDependency */,
			);
			name = Example;
			productName = Example;
			productReference = 677C9C5C21C5158C00C7A16E /* Example.app */;
			productType = "com.apple.product-type.application";
		};
/* End PBXNativeTarget section */

/* Begin PBXProject section */
		677C9C5421C5158B00C7A16E /* Project object */ = {
			isa = PBXProject;
			attributes = {
				LastSwiftUpdateCheck = 1010;
				LastUpgradeCheck = 1100;
				ORGANIZATIONNAME = "Steve Barnegren";
				TargetAttributes = {
					677C9C5B21C5158C00C7A16E = {
						CreatedOnToolsVersion = 10.1;
						LastSwiftMigration = 1100;
					};
				};
			};
			buildConfigurationList = 677C9C5721C5158B00C7A16E /* Build configuration list for PBXProject "Example" */;
			compatibilityVersion = "Xcode 9.3";
			developmentRegion = en;
			hasScannedForEncodings = 0;
			knownRegions = (
				en,
				Base,
			);
			mainGroup = 677C9C5321C5158B00C7A16E;
			productRefGroup = 677C9C5D21C5158C00C7A16E /* Products */;
			projectDirPath = "";
			projectReferences = (
				{
					ProductGroup = 677C9C7221C515DC00C7A16E /* Products */;
					ProjectRef = 677C9C7121C515DC00C7A16E /* MusicNotationKit.xcodeproj */;
				},
			);
			projectRoot = "";
			targets = (
				677C9C5B21C5158C00C7A16E /* Example */,
			);
		};
/* End PBXProject section */

/* Begin PBXReferenceProxy section */
		677C9C7721C515DC00C7A16E /* MusicNotationKit.framework */ = {
			isa = PBXReferenceProxy;
			fileType = wrapper.framework;
			path = MusicNotationKit.framework;
			remoteRef = 677C9C7621C515DC00C7A16E /* PBXContainerItemProxy */;
			sourceTree = BUILT_PRODUCTS_DIR;
		};
		677C9C7921C515DC00C7A16E /* MusicNotationKitTests.xctest */ = {
			isa = PBXReferenceProxy;
			fileType = wrapper.cfbundle;
			path = MusicNotationKitTests.xctest;
			remoteRef = 677C9C7821C515DC00C7A16E /* PBXContainerItemProxy */;
			sourceTree = BUILT_PRODUCTS_DIR;
		};
/* End PBXReferenceProxy section */

/* Begin PBXResourcesBuildPhase section */
		677C9C5A21C5158C00C7A16E /* Resources */ = {
			isa = PBXResourcesBuildPhase;
			buildActionMask = 2147483647;
			files = (
				677C9C6A21C5158D00C7A16E /* LaunchScreen.storyboard in Resources */,
				677C9C6721C5158D00C7A16E /* Assets.xcassets in Resources */,
				67BB96A5233677C200119953 /* MenuViewController.xib in Resources */,
				67BB96AA23367A0000119953 /* ScrollingMusicExampleViewController.xib in Resources */,
				677C9C6521C5158C00C7A16E /* Main.storyboard in Resources */,
				676BB601233676D000EA9F9C /* MusicExampleViewController.xib in Resources */,
			);
			runOnlyForDeploymentPostprocessing = 0;
		};
/* End PBXResourcesBuildPhase section */

/* Begin PBXShellScriptBuildPhase section */
		673A3D282343E26A001CE422 /* SwiftLint */ = {
			isa = PBXShellScriptBuildPhase;
			buildActionMask = 2147483647;
			files = (
			);
			inputFileListPaths = (
			);
			inputPaths = (
			);
			name = SwiftLint;
			outputFileListPaths = (
			);
			outputPaths = (
			);
			runOnlyForDeploymentPostprocessing = 0;
			shellPath = /bin/sh;
			shellScript = "if which swiftlint >/dev/null; then\n  swiftlint\nelse\n  echo \"warning: SwiftLint not installed, download from https://github.com/realm/SwiftLint\"\nfi\n";
		};
		67C3B01A23D1031700149857 /* Copy Frameworks */ = {
			isa = PBXShellScriptBuildPhase;
			buildActionMask = 2147483647;
			files = (
			);
			inputFileListPaths = (
			);
			inputPaths = (
				"$(SRCROOT)/Carthage/Build/iOS/PopupControls.framework",
			);
			name = "Copy Frameworks";
			outputFileListPaths = (
			);
			outputPaths = (
				"$(BUILT_PRODUCTS_DIR)/$(FRAMEWORKS_FOLDER_PATH)/PopupControls.framework",
			);
			runOnlyForDeploymentPostprocessing = 0;
			shellPath = /bin/sh;
			shellScript = "/usr/local/bin/carthage copy-frameworks\n";
		};
/* End PBXShellScriptBuildPhase section */

/* Begin PBXSourcesBuildPhase section */
		677C9C5821C5158C00C7A16E /* Sources */ = {
			isa = PBXSourcesBuildPhase;
			buildActionMask = 2147483647;
			files = (
				677C9C6221C5158C00C7A16E /* ViewController.swift in Sources */,
				67BB96A4233677C200119953 /* MenuViewController.swift in Sources */,
				677C9C6021C5158C00C7A16E /* AppDelegate.swift in Sources */,
				676BB600233676D000EA9F9C /* MusicExampleViewController.swift in Sources */,
				679A2EF8234A59A200E157C8 /* TestComposition.swift in Sources */,
				677F34C12427E48300507156 /* Deeplink.swift in Sources */,
				677F34BF2427789900507156 /* ComponentsMenuViewController.swift in Sources */,
				672FA3C021CF8F0F002ECDD6 /* GridOverlayView.swift in Sources */,
				67BB96B02336805C00119953 /* ExampleCompositions.swift in Sources */,
				67BB96A923367A0000119953 /* ScrollingMusicExampleViewController.swift in Sources */,
			);
			runOnlyForDeploymentPostprocessing = 0;
		};
/* End PBXSourcesBuildPhase section */

/* Begin PBXTargetDependency section */
		674632112252A291007626D0 /* PBXTargetDependency */ = {
			isa = PBXTargetDependency;
			name = MusicNotationKit;
			targetProxy = 674632102252A291007626D0 /* PBXContainerItemProxy */;
		};
		677C9C7B21C515F500C7A16E /* PBXTargetDependency */ = {
			isa = PBXTargetDependency;
			name = MusicNotationKit;
			targetProxy = 677C9C7A21C515F500C7A16E /* PBXContainerItemProxy */;
		};
/* End PBXTargetDependency section */

/* Begin PBXVariantGroup section */
		677C9C6321C5158C00C7A16E /* Main.storyboard */ = {
			isa = PBXVariantGroup;
			children = (
				677C9C6421C5158C00C7A16E /* Base */,
			);
			name = Main.storyboard;
			sourceTree = "<group>";
		};
		677C9C6821C5158D00C7A16E /* LaunchScreen.storyboard */ = {
			isa = PBXVariantGroup;
			children = (
				677C9C6921C5158D00C7A16E /* Base */,
			);
			name = LaunchScreen.storyboard;
			sourceTree = "<group>";
		};
/* End PBXVariantGroup section */

/* Begin XCBuildConfiguration section */
		677C9C6C21C5158D00C7A16E /* Debug */ = {
			isa = XCBuildConfiguration;
			buildSettings = {
				ALWAYS_SEARCH_USER_PATHS = NO;
				CLANG_ANALYZER_NONNULL = YES;
				CLANG_ANALYZER_NUMBER_OBJECT_CONVERSION = YES_AGGRESSIVE;
				CLANG_CXX_LANGUAGE_STANDARD = "gnu++14";
				CLANG_CXX_LIBRARY = "libc++";
				CLANG_ENABLE_MODULES = YES;
				CLANG_ENABLE_OBJC_ARC = YES;
				CLANG_ENABLE_OBJC_WEAK = YES;
				CLANG_WARN_BLOCK_CAPTURE_AUTORELEASING = YES;
				CLANG_WARN_BOOL_CONVERSION = YES;
				CLANG_WARN_COMMA = YES;
				CLANG_WARN_CONSTANT_CONVERSION = YES;
				CLANG_WARN_DEPRECATED_OBJC_IMPLEMENTATIONS = YES;
				CLANG_WARN_DIRECT_OBJC_ISA_USAGE = YES_ERROR;
				CLANG_WARN_DOCUMENTATION_COMMENTS = YES;
				CLANG_WARN_EMPTY_BODY = YES;
				CLANG_WARN_ENUM_CONVERSION = YES;
				CLANG_WARN_INFINITE_RECURSION = YES;
				CLANG_WARN_INT_CONVERSION = YES;
				CLANG_WARN_NON_LITERAL_NULL_CONVERSION = YES;
				CLANG_WARN_OBJC_IMPLICIT_RETAIN_SELF = YES;
				CLANG_WARN_OBJC_LITERAL_CONVERSION = YES;
				CLANG_WARN_OBJC_ROOT_CLASS = YES_ERROR;
				CLANG_WARN_RANGE_LOOP_ANALYSIS = YES;
				CLANG_WARN_STRICT_PROTOTYPES = YES;
				CLANG_WARN_SUSPICIOUS_MOVE = YES;
				CLANG_WARN_UNGUARDED_AVAILABILITY = YES_AGGRESSIVE;
				CLANG_WARN_UNREACHABLE_CODE = YES;
				CLANG_WARN__DUPLICATE_METHOD_MATCH = YES;
				CODE_SIGN_IDENTITY = "iPhone Developer";
				COPY_PHASE_STRIP = NO;
				DEBUG_INFORMATION_FORMAT = dwarf;
				ENABLE_STRICT_OBJC_MSGSEND = YES;
				ENABLE_TESTABILITY = YES;
				GCC_C_LANGUAGE_STANDARD = gnu11;
				GCC_DYNAMIC_NO_PIC = NO;
				GCC_NO_COMMON_BLOCKS = YES;
				GCC_OPTIMIZATION_LEVEL = 0;
				GCC_PREPROCESSOR_DEFINITIONS = (
					"DEBUG=1",
					"$(inherited)",
				);
				GCC_WARN_64_TO_32_BIT_CONVERSION = YES;
				GCC_WARN_ABOUT_RETURN_TYPE = YES_ERROR;
				GCC_WARN_UNDECLARED_SELECTOR = YES;
				GCC_WARN_UNINITIALIZED_AUTOS = YES_AGGRESSIVE;
				GCC_WARN_UNUSED_FUNCTION = YES;
				GCC_WARN_UNUSED_VARIABLE = YES;
				IPHONEOS_DEPLOYMENT_TARGET = 12.1;
				MTL_ENABLE_DEBUG_INFO = INCLUDE_SOURCE;
				MTL_FAST_MATH = YES;
				ONLY_ACTIVE_ARCH = YES;
				SDKROOT = iphoneos;
				SWIFT_ACTIVE_COMPILATION_CONDITIONS = DEBUG;
				SWIFT_OPTIMIZATION_LEVEL = "-Onone";
			};
			name = Debug;
		};
		677C9C6D21C5158D00C7A16E /* Release */ = {
			isa = XCBuildConfiguration;
			buildSettings = {
				ALWAYS_SEARCH_USER_PATHS = NO;
				CLANG_ANALYZER_NONNULL = YES;
				CLANG_ANALYZER_NUMBER_OBJECT_CONVERSION = YES_AGGRESSIVE;
				CLANG_CXX_LANGUAGE_STANDARD = "gnu++14";
				CLANG_CXX_LIBRARY = "libc++";
				CLANG_ENABLE_MODULES = YES;
				CLANG_ENABLE_OBJC_ARC = YES;
				CLANG_ENABLE_OBJC_WEAK = YES;
				CLANG_WARN_BLOCK_CAPTURE_AUTORELEASING = YES;
				CLANG_WARN_BOOL_CONVERSION = YES;
				CLANG_WARN_COMMA = YES;
				CLANG_WARN_CONSTANT_CONVERSION = YES;
				CLANG_WARN_DEPRECATED_OBJC_IMPLEMENTATIONS = YES;
				CLANG_WARN_DIRECT_OBJC_ISA_USAGE = YES_ERROR;
				CLANG_WARN_DOCUMENTATION_COMMENTS = YES;
				CLANG_WARN_EMPTY_BODY = YES;
				CLANG_WARN_ENUM_CONVERSION = YES;
				CLANG_WARN_INFINITE_RECURSION = YES;
				CLANG_WARN_INT_CONVERSION = YES;
				CLANG_WARN_NON_LITERAL_NULL_CONVERSION = YES;
				CLANG_WARN_OBJC_IMPLICIT_RETAIN_SELF = YES;
				CLANG_WARN_OBJC_LITERAL_CONVERSION = YES;
				CLANG_WARN_OBJC_ROOT_CLASS = YES_ERROR;
				CLANG_WARN_RANGE_LOOP_ANALYSIS = YES;
				CLANG_WARN_STRICT_PROTOTYPES = YES;
				CLANG_WARN_SUSPICIOUS_MOVE = YES;
				CLANG_WARN_UNGUARDED_AVAILABILITY = YES_AGGRESSIVE;
				CLANG_WARN_UNREACHABLE_CODE = YES;
				CLANG_WARN__DUPLICATE_METHOD_MATCH = YES;
				CODE_SIGN_IDENTITY = "iPhone Developer";
				COPY_PHASE_STRIP = NO;
				DEBUG_INFORMATION_FORMAT = "dwarf-with-dsym";
				ENABLE_NS_ASSERTIONS = NO;
				ENABLE_STRICT_OBJC_MSGSEND = YES;
				GCC_C_LANGUAGE_STANDARD = gnu11;
				GCC_NO_COMMON_BLOCKS = YES;
				GCC_WARN_64_TO_32_BIT_CONVERSION = YES;
				GCC_WARN_ABOUT_RETURN_TYPE = YES_ERROR;
				GCC_WARN_UNDECLARED_SELECTOR = YES;
				GCC_WARN_UNINITIALIZED_AUTOS = YES_AGGRESSIVE;
				GCC_WARN_UNUSED_FUNCTION = YES;
				GCC_WARN_UNUSED_VARIABLE = YES;
				IPHONEOS_DEPLOYMENT_TARGET = 12.1;
				MTL_ENABLE_DEBUG_INFO = NO;
				MTL_FAST_MATH = YES;
				SDKROOT = iphoneos;
				SWIFT_COMPILATION_MODE = wholemodule;
				SWIFT_OPTIMIZATION_LEVEL = "-O";
				VALIDATE_PRODUCT = YES;
			};
			name = Release;
		};
		677C9C6F21C5158D00C7A16E /* Debug */ = {
			isa = XCBuildConfiguration;
			buildSettings = {
				ALWAYS_EMBED_SWIFT_STANDARD_LIBRARIES = YES;
				ASSETCATALOG_COMPILER_APPICON_NAME = AppIcon;
				CODE_SIGN_IDENTITY = "Apple Development";
				CODE_SIGN_STYLE = Automatic;
				DEVELOPMENT_TEAM = VAA3W4LPY2;
				FRAMEWORK_SEARCH_PATHS = (
					"$(inherited)",
					"$(PROJECT_DIR)/Carthage/Build/iOS",
				);
				INFOPLIST_FILE = Example/Info.plist;
				IPHONEOS_DEPLOYMENT_TARGET = 13.0;
				LD_RUNPATH_SEARCH_PATHS = (
					"$(inherited)",
					"@executable_path/Frameworks",
				);
				PRODUCT_BUNDLE_IDENTIFIER = SteveBarnegren.Example;
				PRODUCT_NAME = "$(TARGET_NAME)";
				PROVISIONING_PROFILE_SPECIFIER = "";
				SWIFT_VERSION = 5.0;
				TARGETED_DEVICE_FAMILY = "1,2";
			};
			name = Debug;
		};
		677C9C7021C5158D00C7A16E /* Release */ = {
			isa = XCBuildConfiguration;
			buildSettings = {
				ALWAYS_EMBED_SWIFT_STANDARD_LIBRARIES = YES;
				ASSETCATALOG_COMPILER_APPICON_NAME = AppIcon;
				CODE_SIGN_IDENTITY = "Apple Development";
				CODE_SIGN_STYLE = Automatic;
				DEVELOPMENT_TEAM = VAA3W4LPY2;
				FRAMEWORK_SEARCH_PATHS = (
					"$(inherited)",
					"$(PROJECT_DIR)/Carthage/Build/iOS",
				);
				INFOPLIST_FILE = Example/Info.plist;
				IPHONEOS_DEPLOYMENT_TARGET = 13.0;
				LD_RUNPATH_SEARCH_PATHS = (
					"$(inherited)",
					"@executable_path/Frameworks",
				);
				PRODUCT_BUNDLE_IDENTIFIER = SteveBarnegren.Example;
				PRODUCT_NAME = "$(TARGET_NAME)";
				PROVISIONING_PROFILE_SPECIFIER = "";
				SWIFT_VERSION = 5.0;
				TARGETED_DEVICE_FAMILY = "1,2";
			};
			name = Release;
		};
/* End XCBuildConfiguration section */

/* Begin XCConfigurationList section */
		677C9C5721C5158B00C7A16E /* Build configuration list for PBXProject "Example" */ = {
			isa = XCConfigurationList;
			buildConfigurations = (
				677C9C6C21C5158D00C7A16E /* Debug */,
				677C9C6D21C5158D00C7A16E /* Release */,
			);
			defaultConfigurationIsVisible = 0;
			defaultConfigurationName = Release;
		};
		677C9C6E21C5158D00C7A16E /* Build configuration list for PBXNativeTarget "Example" */ = {
			isa = XCConfigurationList;
			buildConfigurations = (
				677C9C6F21C5158D00C7A16E /* Debug */,
				677C9C7021C5158D00C7A16E /* Release */,
			);
			defaultConfigurationIsVisible = 0;
			defaultConfigurationName = Release;
		};
/* End XCConfigurationList section */
	};
	rootObject = 677C9C5421C5158B00C7A16E /* Project object */;
}
