{
  "object": {
    "pins": [
      {
        "package": "SBAutoLayout",
        "repositoryURL": "https://github.com/SteveBarnegren/SBAutoLayout",
        "state": {
          "branch": null,
          "revision": "82458d5b7a2d58df0e338f78fc2153b8e677b120",
          "version": "1.3.1"
        }
      }
    ]
  },
  "version": 1
}
